// !$*UTF8*$!
{
	archiveVersion = 1;
	classes = {
	};
	objectVersion = 46;
	objects = {

/* Begin PBXBuildFile section */
		8DC373EF19821DC000DC9731 /* Foundation.framework in Frameworks */ = {isa = PBXBuildFile; fileRef = 8DC373EE19821DC000DC9731 /* Foundation.framework */; };
		8DC373F119821DC000DC9731 /* CoreGraphics.framework in Frameworks */ = {isa = PBXBuildFile; fileRef = 8DC373F019821DC000DC9731 /* CoreGraphics.framework */; };
		8DC373F319821DC000DC9731 /* UIKit.framework in Frameworks */ = {isa = PBXBuildFile; fileRef = 8DC373F219821DC000DC9731 /* UIKit.framework */; };
		8DC373F519821DC000DC9731 /* CoreData.framework in Frameworks */ = {isa = PBXBuildFile; fileRef = 8DC373F419821DC000DC9731 /* CoreData.framework */; };
		8DC373FB19821DC000DC9731 /* InfoPlist.strings in Resources */ = {isa = PBXBuildFile; fileRef = 8DC373F919821DC000DC9731 /* InfoPlist.strings */; };
		8DC373FD19821DC000DC9731 /* main.m in Sources */ = {isa = PBXBuildFile; fileRef = 8DC373FC19821DC000DC9731 /* main.m */; };
		8DC3740119821DC000DC9731 /* FreshlyAppDelegate.m in Sources */ = {isa = PBXBuildFile; fileRef = 8DC3740019821DC000DC9731 /* FreshlyAppDelegate.m */; };
		8DC3740419821DC000DC9731 /* Freshly.xcdatamodeld in Sources */ = {isa = PBXBuildFile; fileRef = 8DC3740219821DC000DC9731 /* Freshly.xcdatamodeld */; };
		8DC3740619821DC000DC9731 /* Images.xcassets in Resources */ = {isa = PBXBuildFile; fileRef = 8DC3740519821DC000DC9731 /* Images.xcassets */; };
		8DC3740D19821DC000DC9731 /* XCTest.framework in Frameworks */ = {isa = PBXBuildFile; fileRef = 8DC3740C19821DC000DC9731 /* XCTest.framework */; };
		8DC3740E19821DC000DC9731 /* Foundation.framework in Frameworks */ = {isa = PBXBuildFile; fileRef = 8DC373EE19821DC000DC9731 /* Foundation.framework */; };
		8DC3740F19821DC000DC9731 /* UIKit.framework in Frameworks */ = {isa = PBXBuildFile; fileRef = 8DC373F219821DC000DC9731 /* UIKit.framework */; };
		8DC3741019821DC000DC9731 /* CoreData.framework in Frameworks */ = {isa = PBXBuildFile; fileRef = 8DC373F419821DC000DC9731 /* CoreData.framework */; };
		8DC3741819821DC000DC9731 /* InfoPlist.strings in Resources */ = {isa = PBXBuildFile; fileRef = 8DC3741619821DC000DC9731 /* InfoPlist.strings */; };
		8DC3741A19821DC000DC9731 /* FreshlyTests.m in Sources */ = {isa = PBXBuildFile; fileRef = 8DC3741919821DC000DC9731 /* FreshlyTests.m */; };
/* End PBXBuildFile section */

/* Begin PBXContainerItemProxy section */
		8DC3741119821DC000DC9731 /* PBXContainerItemProxy */ = {
			isa = PBXContainerItemProxy;
			containerPortal = 8DC373E319821DC000DC9731 /* Project object */;
			proxyType = 1;
			remoteGlobalIDString = 8DC373EA19821DC000DC9731;
			remoteInfo = Freshly;
		};
/* End PBXContainerItemProxy section */

/* Begin PBXFileReference section */
		8DC373EB19821DC000DC9731 /* Freshly.app */ = {isa = PBXFileReference; explicitFileType = wrapper.application; includeInIndex = 0; path = Freshly.app; sourceTree = BUILT_PRODUCTS_DIR; };
		8DC373EE19821DC000DC9731 /* Foundation.framework */ = {isa = PBXFileReference; lastKnownFileType = wrapper.framework; name = Foundation.framework; path = System/Library/Frameworks/Foundation.framework; sourceTree = SDKROOT; };
		8DC373F019821DC000DC9731 /* CoreGraphics.framework */ = {isa = PBXFileReference; lastKnownFileType = wrapper.framework; name = CoreGraphics.framework; path = System/Library/Frameworks/CoreGraphics.framework; sourceTree = SDKROOT; };
		8DC373F219821DC000DC9731 /* UIKit.framework */ = {isa = PBXFileReference; lastKnownFileType = wrapper.framework; name = UIKit.framework; path = System/Library/Frameworks/UIKit.framework; sourceTree = SDKROOT; };
		8DC373F419821DC000DC9731 /* CoreData.framework */ = {isa = PBXFileReference; lastKnownFileType = wrapper.framework; name = CoreData.framework; path = System/Library/Frameworks/CoreData.framework; sourceTree = SDKROOT; };
		8DC373F819821DC000DC9731 /* Freshly-Info.plist */ = {isa = PBXFileReference; lastKnownFileType = text.plist.xml; path = "Freshly-Info.plist"; sourceTree = "<group>"; };
		8DC373FA19821DC000DC9731 /* en */ = {isa = PBXFileReference; lastKnownFileType = text.plist.strings; name = en; path = en.lproj/InfoPlist.strings; sourceTree = "<group>"; };
		8DC373FC19821DC000DC9731 /* main.m */ = {isa = PBXFileReference; lastKnownFileType = sourcecode.c.objc; path = main.m; sourceTree = "<group>"; };
		8DC373FE19821DC000DC9731 /* Freshly-Prefix.pch */ = {isa = PBXFileReference; lastKnownFileType = sourcecode.c.h; path = "Freshly-Prefix.pch"; sourceTree = "<group>"; };
		8DC373FF19821DC000DC9731 /* FreshlyAppDelegate.h */ = {isa = PBXFileReference; lastKnownFileType = sourcecode.c.h; path = FreshlyAppDelegate.h; sourceTree = "<group>"; };
		8DC3740019821DC000DC9731 /* FreshlyAppDelegate.m */ = {isa = PBXFileReference; lastKnownFileType = sourcecode.c.objc; path = FreshlyAppDelegate.m; sourceTree = "<group>"; };
		8DC3740319821DC000DC9731 /* Freshly.xcdatamodel */ = {isa = PBXFileReference; lastKnownFileType = wrapper.xcdatamodel; path = Freshly.xcdatamodel; sourceTree = "<group>"; };
		8DC3740519821DC000DC9731 /* Images.xcassets */ = {isa = PBXFileReference; lastKnownFileType = folder.assetcatalog; path = Images.xcassets; sourceTree = "<group>"; };
		8DC3740B19821DC000DC9731 /* FreshlyTests.xctest */ = {isa = PBXFileReference; explicitFileType = wrapper.cfbundle; includeInIndex = 0; path = FreshlyTests.xctest; sourceTree = BUILT_PRODUCTS_DIR; };
		8DC3740C19821DC000DC9731 /* XCTest.framework */ = {isa = PBXFileReference; lastKnownFileType = wrapper.framework; name = XCTest.framework; path = Library/Frameworks/XCTest.framework; sourceTree = DEVELOPER_DIR; };
		8DC3741519821DC000DC9731 /* FreshlyTests-Info.plist */ = {isa = PBXFileReference; lastKnownFileType = text.plist.xml; path = "FreshlyTests-Info.plist"; sourceTree = "<group>"; };
		8DC3741719821DC000DC9731 /* en */ = {isa = PBXFileReference; lastKnownFileType = text.plist.strings; name = en; path = en.lproj/InfoPlist.strings; sourceTree = "<group>"; };
		8DC3741919821DC000DC9731 /* FreshlyTests.m */ = {isa = PBXFileReference; lastKnownFileType = sourcecode.c.objc; path = FreshlyTests.m; sourceTree = "<group>"; };
/* End PBXFileReference section */

/* Begin PBXFrameworksBuildPhase section */
		8DC373E819821DC000DC9731 /* Frameworks */ = {
			isa = PBXFrameworksBuildPhase;
			buildActionMask = 2147483647;
			files = (
				8DC373F119821DC000DC9731 /* CoreGraphics.framework in Frameworks */,
				8DC373F519821DC000DC9731 /* CoreData.framework in Frameworks */,
				8DC373F319821DC000DC9731 /* UIKit.framework in Frameworks */,
				8DC373EF19821DC000DC9731 /* Foundation.framework in Frameworks */,
			);
			runOnlyForDeploymentPostprocessing = 0;
		};
		8DC3740819821DC000DC9731 /* Frameworks */ = {
			isa = PBXFrameworksBuildPhase;
			buildActionMask = 2147483647;
			files = (
				8DC3740D19821DC000DC9731 /* XCTest.framework in Frameworks */,
				8DC3741019821DC000DC9731 /* CoreData.framework in Frameworks */,
				8DC3740F19821DC000DC9731 /* UIKit.framework in Frameworks */,
				8DC3740E19821DC000DC9731 /* Foundation.framework in Frameworks */,
			);
			runOnlyForDeploymentPostprocessing = 0;
		};
/* End PBXFrameworksBuildPhase section */

/* Begin PBXGroup section */
		8DC373E219821DC000DC9731 = {
			isa = PBXGroup;
			children = (
				8DC373F619821DC000DC9731 /* Freshly */,
				8DC3741319821DC000DC9731 /* FreshlyTests */,
				8DC373ED19821DC000DC9731 /* Frameworks */,
				8DC373EC19821DC000DC9731 /* Products */,
			);
			sourceTree = "<group>";
		};
		8DC373EC19821DC000DC9731 /* Products */ = {
			isa = PBXGroup;
			children = (
				8DC373EB19821DC000DC9731 /* Freshly.app */,
				8DC3740B19821DC000DC9731 /* FreshlyTests.xctest */,
			);
			name = Products;
			sourceTree = "<group>";
		};
		8DC373ED19821DC000DC9731 /* Frameworks */ = {
			isa = PBXGroup;
			children = (
				8DC373EE19821DC000DC9731 /* Foundation.framework */,
				8DC373F019821DC000DC9731 /* CoreGraphics.framework */,
				8DC373F219821DC000DC9731 /* UIKit.framework */,
				8DC373F419821DC000DC9731 /* CoreData.framework */,
				8DC3740C19821DC000DC9731 /* XCTest.framework */,
			);
			name = Frameworks;
			sourceTree = "<group>";
		};
		8DC373F619821DC000DC9731 /* Freshly */ = {
			isa = PBXGroup;
			children = (
				8DC373FF19821DC000DC9731 /* FreshlyAppDelegate.h */,
				8DC3740019821DC000DC9731 /* FreshlyAppDelegate.m */,
				8DC3740519821DC000DC9731 /* Images.xcassets */,
				8DC3740219821DC000DC9731 /* Freshly.xcdatamodeld */,
				8DC373F719821DC000DC9731 /* Supporting Files */,
			);
			path = Freshly;
			sourceTree = "<group>";
		};
		8DC373F719821DC000DC9731 /* Supporting Files */ = {
			isa = PBXGroup;
			children = (
				8DC373F819821DC000DC9731 /* Freshly-Info.plist */,
				8DC373F919821DC000DC9731 /* InfoPlist.strings */,
				8DC373FC19821DC000DC9731 /* main.m */,
				8DC373FE19821DC000DC9731 /* Freshly-Prefix.pch */,
			);
			name = "Supporting Files";
			sourceTree = "<group>";
		};
		8DC3741319821DC000DC9731 /* FreshlyTests */ = {
			isa = PBXGroup;
			children = (
				8DC3741919821DC000DC9731 /* FreshlyTests.m */,
				8DC3741419821DC000DC9731 /* Supporting Files */,
			);
			path = FreshlyTests;
			sourceTree = "<group>";
		};
		8DC3741419821DC000DC9731 /* Supporting Files */ = {
			isa = PBXGroup;
			children = (
				8DC3741519821DC000DC9731 /* FreshlyTests-Info.plist */,
				8DC3741619821DC000DC9731 /* InfoPlist.strings */,
			);
			name = "Supporting Files";
			sourceTree = "<group>";
		};
/* End PBXGroup section */

/* Begin PBXNativeTarget section */
		8DC373EA19821DC000DC9731 /* Freshly */ = {
			isa = PBXNativeTarget;
			buildConfigurationList = 8DC3741D19821DC000DC9731 /* Build configuration list for PBXNativeTarget "Freshly" */;
			buildPhases = (
				8DC373E719821DC000DC9731 /* Sources */,
				8DC373E819821DC000DC9731 /* Frameworks */,
				8DC373E919821DC000DC9731 /* Resources */,
			);
			buildRules = (
			);
			dependencies = (
			);
			name = Freshly;
			productName = Freshly;
			productReference = 8DC373EB19821DC000DC9731 /* Freshly.app */;
			productType = "com.apple.product-type.application";
		};
		8DC3740A19821DC000DC9731 /* FreshlyTests */ = {
			isa = PBXNativeTarget;
			buildConfigurationList = 8DC3742019821DC000DC9731 /* Build configuration list for PBXNativeTarget "FreshlyTests" */;
			buildPhases = (
				8DC3740719821DC000DC9731 /* Sources */,
				8DC3740819821DC000DC9731 /* Frameworks */,
				8DC3740919821DC000DC9731 /* Resources */,
			);
			buildRules = (
			);
			dependencies = (
				8DC3741219821DC000DC9731 /* PBXTargetDependency */,
			);
			name = FreshlyTests;
			productName = FreshlyTests;
			productReference = 8DC3740B19821DC000DC9731 /* FreshlyTests.xctest */;
			productType = "com.apple.product-type.bundle.unit-test";
		};
/* End PBXNativeTarget section */

/* Begin PBXProject section */
		8DC373E319821DC000DC9731 /* Project object */ = {
			isa = PBXProject;
			attributes = {
				CLASSPREFIX = Freshly;
				LastUpgradeCheck = 0500;
				ORGANIZATIONNAME = "Andrew Dempsey";
				TargetAttributes = {
					8DC3740A19821DC000DC9731 = {
						TestTargetID = 8DC373EA19821DC000DC9731;
					};
				};
			};
			buildConfigurationList = 8DC373E619821DC000DC9731 /* Build configuration list for PBXProject "Freshly" */;
			compatibilityVersion = "Xcode 3.2";
			developmentRegion = English;
			hasScannedForEncodings = 0;
			knownRegions = (
				en,
			);
			mainGroup = 8DC373E219821DC000DC9731;
			productRefGroup = 8DC373EC19821DC000DC9731 /* Products */;
			projectDirPath = "";
			projectRoot = "";
			targets = (
				8DC373EA19821DC000DC9731 /* Freshly */,
				8DC3740A19821DC000DC9731 /* FreshlyTests */,
			);
		};
/* End PBXProject section */

/* Begin PBXResourcesBuildPhase section */
		8DC373E919821DC000DC9731 /* Resources */ = {
			isa = PBXResourcesBuildPhase;
			buildActionMask = 2147483647;
			files = (
				8DC373FB19821DC000DC9731 /* InfoPlist.strings in Resources */,
				8DC3740619821DC000DC9731 /* Images.xcassets in Resources */,
			);
			runOnlyForDeploymentPostprocessing = 0;
		};
		8DC3740919821DC000DC9731 /* Resources */ = {
			isa = PBXResourcesBuildPhase;
			buildActionMask = 2147483647;
			files = (
				8DC3741819821DC000DC9731 /* InfoPlist.strings in Resources */,
			);
			runOnlyForDeploymentPostprocessing = 0;
		};
/* End PBXResourcesBuildPhase section */

/* Begin PBXSourcesBuildPhase section */
		8DC373E719821DC000DC9731 /* Sources */ = {
			isa = PBXSourcesBuildPhase;
			buildActionMask = 2147483647;
			files = (
				8DC3740419821DC000DC9731 /* Freshly.xcdatamodeld in Sources */,
				8DC3740119821DC000DC9731 /* FreshlyAppDelegate.m in Sources */,
				8DC373FD19821DC000DC9731 /* main.m in Sources */,
			);
			runOnlyForDeploymentPostprocessing = 0;
		};
		8DC3740719821DC000DC9731 /* Sources */ = {
			isa = PBXSourcesBuildPhase;
			buildActionMask = 2147483647;
			files = (
				8DC3741A19821DC000DC9731 /* FreshlyTests.m in Sources */,
			);
			runOnlyForDeploymentPostprocessing = 0;
		};
/* End PBXSourcesBuildPhase section */

/* Begin PBXTargetDependency section */
		8DC3741219821DC000DC9731 /* PBXTargetDependency */ = {
			isa = PBXTargetDependency;
			target = 8DC373EA19821DC000DC9731 /* Freshly */;
			targetProxy = 8DC3741119821DC000DC9731 /* PBXContainerItemProxy */;
		};
/* End PBXTargetDependency section */

/* Begin PBXVariantGroup section */
		8DC373F919821DC000DC9731 /* InfoPlist.strings */ = {
			isa = PBXVariantGroup;
			children = (
				8DC373FA19821DC000DC9731 /* en */,
			);
			name = InfoPlist.strings;
			sourceTree = "<group>";
		};
		8DC3741619821DC000DC9731 /* InfoPlist.strings */ = {
			isa = PBXVariantGroup;
			children = (
				8DC3741719821DC000DC9731 /* en */,
			);
			name = InfoPlist.strings;
			sourceTree = "<group>";
		};
/* End PBXVariantGroup section */

/* Begin XCBuildConfiguration section */
		8DC3741B19821DC000DC9731 /* Debug */ = {
			isa = XCBuildConfiguration;
			buildSettings = {
				ALWAYS_SEARCH_USER_PATHS = NO;
				ARCHS = "$(ARCHS_STANDARD_INCLUDING_64_BIT)";
				CLANG_CXX_LANGUAGE_STANDARD = "gnu++0x";
				CLANG_CXX_LIBRARY = "libc++";
				CLANG_ENABLE_MODULES = YES;
				CLANG_ENABLE_OBJC_ARC = YES;
				CLANG_WARN_BOOL_CONVERSION = YES;
				CLANG_WARN_CONSTANT_CONVERSION = YES;
				CLANG_WARN_DIRECT_OBJC_ISA_USAGE = YES_ERROR;
				CLANG_WARN_EMPTY_BODY = YES;
				CLANG_WARN_ENUM_CONVERSION = YES;
				CLANG_WARN_INT_CONVERSION = YES;
				CLANG_WARN_OBJC_ROOT_CLASS = YES_ERROR;
				CLANG_WARN__DUPLICATE_METHOD_MATCH = YES;
				"CODE_SIGN_IDENTITY[sdk=iphoneos*]" = "iPhone Developer";
				COPY_PHASE_STRIP = NO;
				GCC_C_LANGUAGE_STANDARD = gnu99;
				GCC_DYNAMIC_NO_PIC = NO;
				GCC_OPTIMIZATION_LEVEL = 0;
				GCC_PREPROCESSOR_DEFINITIONS = (
					"DEBUG=1",
					"$(inherited)",
				);
				GCC_SYMBOLS_PRIVATE_EXTERN = NO;
				GCC_WARN_64_TO_32_BIT_CONVERSION = YES;
				GCC_WARN_ABOUT_RETURN_TYPE = YES_ERROR;
				GCC_WARN_UNDECLARED_SELECTOR = YES;
				GCC_WARN_UNINITIALIZED_AUTOS = YES;
				GCC_WARN_UNUSED_FUNCTION = YES;
				GCC_WARN_UNUSED_VARIABLE = YES;
				IPHONEOS_DEPLOYMENT_TARGET = 7.0;
				ONLY_ACTIVE_ARCH = YES;
				SDKROOT = iphoneos;
				TARGETED_DEVICE_FAMILY = "1,2";
			};
			name = Debug;
		};
		8DC3741C19821DC000DC9731 /* Release */ = {
			isa = XCBuildConfiguration;
			buildSettings = {
				ALWAYS_SEARCH_USER_PATHS = NO;
				ARCHS = "$(ARCHS_STANDARD_INCLUDING_64_BIT)";
				CLANG_CXX_LANGUAGE_STANDARD = "gnu++0x";
				CLANG_CXX_LIBRARY = "libc++";
				CLANG_ENABLE_MODULES = YES;
				CLANG_ENABLE_OBJC_ARC = YES;
				CLANG_WARN_BOOL_CONVERSION = YES;
				CLANG_WARN_CONSTANT_CONVERSION = YES;
				CLANG_WARN_DIRECT_OBJC_ISA_USAGE = YES_ERROR;
				CLANG_WARN_EMPTY_BODY = YES;
				CLANG_WARN_ENUM_CONVERSION = YES;
				CLANG_WARN_INT_CONVERSION = YES;
				CLANG_WARN_OBJC_ROOT_CLASS = YES_ERROR;
				CLANG_WARN__DUPLICATE_METHOD_MATCH = YES;
				"CODE_SIGN_IDENTITY[sdk=iphoneos*]" = "iPhone Developer";
				COPY_PHASE_STRIP = YES;
				ENABLE_NS_ASSERTIONS = NO;
				GCC_C_LANGUAGE_STANDARD = gnu99;
				GCC_WARN_64_TO_32_BIT_CONVERSION = YES;
				GCC_WARN_ABOUT_RETURN_TYPE = YES_ERROR;
				GCC_WARN_UNDECLARED_SELECTOR = YES;
				GCC_WARN_UNINITIALIZED_AUTOS = YES;
				GCC_WARN_UNUSED_FUNCTION = YES;
				GCC_WARN_UNUSED_VARIABLE = YES;
				IPHONEOS_DEPLOYMENT_TARGET = 7.0;
				SDKROOT = iphoneos;
				TARGETED_DEVICE_FAMILY = "1,2";
				VALIDATE_PRODUCT = YES;
			};
			name = Release;
		};
		8DC3741E19821DC000DC9731 /* Debug */ = {
			isa = XCBuildConfiguration;
			buildSettings = {
				ASSETCATALOG_COMPILER_APPICON_NAME = AppIcon;
				ASSETCATALOG_COMPILER_LAUNCHIMAGE_NAME = LaunchImage;
				GCC_PRECOMPILE_PREFIX_HEADER = YES;
				GCC_PREFIX_HEADER = "Freshly/Freshly-Prefix.pch";
				INFOPLIST_FILE = "Freshly/Freshly-Info.plist";
				PRODUCT_NAME = "$(TARGET_NAME)";
				WRAPPER_EXTENSION = app;
			};
			name = Debug;
		};
		8DC3741F19821DC000DC9731 /* Release */ = {
			isa = XCBuildConfiguration;
			buildSettings = {
				ASSETCATALOG_COMPILER_APPICON_NAME = AppIcon;
				ASSETCATALOG_COMPILER_LAUNCHIMAGE_NAME = LaunchImage;
				GCC_PRECOMPILE_PREFIX_HEADER = YES;
				GCC_PREFIX_HEADER = "Freshly/Freshly-Prefix.pch";
				INFOPLIST_FILE = "Freshly/Freshly-Info.plist";
				PRODUCT_NAME = "$(TARGET_NAME)";
				WRAPPER_EXTENSION = app;
			};
			name = Release;
		};
		8DC3742119821DC000DC9731 /* Debug */ = {
			isa = XCBuildConfiguration;
			buildSettings = {
				ARCHS = "$(ARCHS_STANDARD_INCLUDING_64_BIT)";
				BUNDLE_LOADER = "$(BUILT_PRODUCTS_DIR)/Freshly.app/Freshly";
				FRAMEWORK_SEARCH_PATHS = (
					"$(SDKROOT)/Developer/Library/Frameworks",
					"$(inherited)",
					"$(DEVELOPER_FRAMEWORKS_DIR)",
				);
				GCC_PRECOMPILE_PREFIX_HEADER = YES;
				GCC_PREFIX_HEADER = "Freshly/Freshly-Prefix.pch";
				GCC_PREPROCESSOR_DEFINITIONS = (
					"DEBUG=1",
					"$(inherited)",
				);
				INFOPLIST_FILE = "FreshlyTests/FreshlyTests-Info.plist";
				PRODUCT_NAME = "$(TARGET_NAME)";
				TEST_HOST = "$(BUNDLE_LOADER)";
				WRAPPER_EXTENSION = xctest;
			};
			name = Debug;
		};
		8DC3742219821DC000DC9731 /* Release */ = {
			isa = XCBuildConfiguration;
			buildSettings = {
				ARCHS = "$(ARCHS_STANDARD_INCLUDING_64_BIT)";
				BUNDLE_LOADER = "$(BUILT_PRODUCTS_DIR)/Freshly.app/Freshly";
				FRAMEWORK_SEARCH_PATHS = (
					"$(SDKROOT)/Developer/Library/Frameworks",
					"$(inherited)",
					"$(DEVELOPER_FRAMEWORKS_DIR)",
				);
				GCC_PRECOMPILE_PREFIX_HEADER = YES;
				GCC_PREFIX_HEADER = "Freshly/Freshly-Prefix.pch";
				INFOPLIST_FILE = "FreshlyTests/FreshlyTests-Info.plist";
				PRODUCT_NAME = "$(TARGET_NAME)";
				TEST_HOST = "$(BUNDLE_LOADER)";
				WRAPPER_EXTENSION = xctest;
			};
			name = Release;
		};
/* End XCBuildConfiguration section */

/* Begin XCConfigurationList section */
		8DC373E619821DC000DC9731 /* Build configuration list for PBXProject "Freshly" */ = {
			isa = XCConfigurationList;
			buildConfigurations = (
				8DC3741B19821DC000DC9731 /* Debug */,
				8DC3741C19821DC000DC9731 /* Release */,
			);
			defaultConfigurationIsVisible = 0;
			defaultConfigurationName = Release;
		};
		8DC3741D19821DC000DC9731 /* Build configuration list for PBXNativeTarget "Freshly" */ = {
			isa = XCConfigurationList;
			buildConfigurations = (
				8DC3741E19821DC000DC9731 /* Debug */,
				8DC3741F19821DC000DC9731 /* Release */,
			);
			defaultConfigurationIsVisible = 0;
		};
		8DC3742019821DC000DC9731 /* Build configuration list for PBXNativeTarget "FreshlyTests" */ = {
			isa = XCConfigurationList;
			buildConfigurations = (
				8DC3742119821DC000DC9731 /* Debug */,
				8DC3742219821DC000DC9731 /* Release */,
			);
			defaultConfigurationIsVisible = 0;
		};
/* End XCConfigurationList section */

/* Begin XCVersionGroup section */
		8DC3740219821DC000DC9731 /* Freshly.xcdatamodeld */ = {
			isa = XCVersionGroup;
			children = (
				8DC3740319821DC000DC9731 /* Freshly.xcdatamodel */,
			);
			currentVersion = 8DC3740319821DC000DC9731 /* Freshly.xcdatamodel */;
			path = Freshly.xcdatamodeld;
			sourceTree = "<group>";
			versionGroupType = wrapper.xcdatamodel;
		};
/* End XCVersionGroup section */
	};
	rootObject = 8DC373E319821DC000DC9731 /* Project object */;
}
