// !$*UTF8*$!
{
	archiveVersion = 1;
	classes = {
	};
	objectVersion = 46;
	objects = {

/* Begin PBXBuildFile section */
		63EC4EE81989463A00060C4F /* NSDate+FreshlyAdditions.m in Sources */ = {isa = PBXBuildFile; fileRef = 63EC4EE71989463A00060C4F /* NSDate+FreshlyAdditions.m */; };
		8D0A474F19D7C58D006D7CB7 /* iconStorage.png in Resources */ = {isa = PBXBuildFile; fileRef = 8D0A474E19D7C58D006D7CB7 /* iconStorage.png */; };
		8D0A475119D7C5EE006D7CB7 /* iconShoppingList.png in Resources */ = {isa = PBXBuildFile; fileRef = 8D0A475019D7C5EE006D7CB7 /* iconShoppingList.png */; };
		8D1B6AB6199F280F00B6D69C /* Freshly.xcdatamodeld in Sources */ = {isa = PBXBuildFile; fileRef = 8D1B6AB4199F280F00B6D69C /* Freshly.xcdatamodeld */; };
		8D2199031A16AF7B00F01096 /* Launch Screen.xib in Resources */ = {isa = PBXBuildFile; fileRef = 8D2199021A16AF7B00F01096 /* Launch Screen.xib */; };
		8D2199061A16BDEF00F01096 /* FRSAboutViewController.m in Sources */ = {isa = PBXBuildFile; fileRef = 8D2199051A16BDEF00F01096 /* FRSAboutViewController.m */; };
		8D5C23F71999C2AA007B314B /* FRSItemDateViewController.m in Sources */ = {isa = PBXBuildFile; fileRef = 8D5C23F61999C2AA007B314B /* FRSItemDateViewController.m */; };
		8D785CC41A36897F00AF7153 /* Crashlytics.framework in Frameworks */ = {isa = PBXBuildFile; fileRef = 8D785CC21A36897F00AF7153 /* Crashlytics.framework */; };
		8D785CC51A36897F00AF7153 /* Fabric.framework in Frameworks */ = {isa = PBXBuildFile; fileRef = 8D785CC31A36897F00AF7153 /* Fabric.framework */; };
		8D78A2881A144DD30016A770 /* FreshlyAppIcon.png in Resources */ = {isa = PBXBuildFile; fileRef = 8D78A2871A144DD30016A770 /* FreshlyAppIcon.png */; };
		8D8333351EBE4B4100DFDECC /* Assets.xcassets in Resources */ = {isa = PBXBuildFile; fileRef = 8D8333341EBE4B4100DFDECC /* Assets.xcassets */; };
		8D83333D1EBEB17600DFDECC /* FRSFoodItemViewModel.m in Sources */ = {isa = PBXBuildFile; fileRef = 8D83333C1EBEB17600DFDECC /* FRSFoodItemViewModel.m */; };
		8D8333421EBEB5F600DFDECC /* FRSFoodItemDataSource.m in Sources */ = {isa = PBXBuildFile; fileRef = 8D8333411EBEB5F600DFDECC /* FRSFoodItemDataSource.m */; };
		8D8333451EBEB6DC00DFDECC /* FRSTableViewCell.m in Sources */ = {isa = PBXBuildFile; fileRef = 8D8333441EBEB6DC00DFDECC /* FRSTableViewCell.m */; };
		8D916B48199FDCF2003CEF8D /* FRSFoodAutoCompletionService.m in Sources */ = {isa = PBXBuildFile; fileRef = 8D916B47199FDCF2003CEF8D /* FRSFoodAutoCompletionService.m */; };
		8D916B5219A0070C003CEF8D /* minFoodSource.json in Resources */ = {isa = PBXBuildFile; fileRef = 8D916B5119A0070C003CEF8D /* minFoodSource.json */; };
		8D916B5519A0117E003CEF8D /* FRSFoodAutoCompletionViewController.m in Sources */ = {isa = PBXBuildFile; fileRef = 8D916B5419A0117E003CEF8D /* FRSFoodAutoCompletionViewController.m */; };
		8D916B5819A02226003CEF8D /* FRSAutoCompletionTableViewCell.m in Sources */ = {isa = PBXBuildFile; fileRef = 8D916B5719A02226003CEF8D /* FRSAutoCompletionTableViewCell.m */; };
		8D916B5C19A08EB7003CEF8D /* checkbox_empty.png in Resources */ = {isa = PBXBuildFile; fileRef = 8D916B5B19A08EB7003CEF8D /* checkbox_empty.png */; };
		8D916B5E19A0915B003CEF8D /* checkbox_checked.png in Resources */ = {isa = PBXBuildFile; fileRef = 8D916B5D19A0915B003CEF8D /* checkbox_checked.png */; };
		8D97EF2D19DC998000F0C7C3 /* UITabBarController+FreshlyAdditions.m in Sources */ = {isa = PBXBuildFile; fileRef = 8D97EF2C19DC998000F0C7C3 /* UITabBarController+FreshlyAdditions.m */; };
		8DA08C9319A99E0C00F13CE4 /* FRSSettingsService.m in Sources */ = {isa = PBXBuildFile; fileRef = 8DA08C9219A99E0C00F13CE4 /* FRSSettingsService.m */; };
		8DA08C9519A9B56100F13CE4 /* grain 100x100.png in Resources */ = {isa = PBXBuildFile; fileRef = 8DA08C9419A9B56100F13CE4 /* grain 100x100.png */; };
		8DA08C9719A9B59D00F13CE4 /* grain 50x50.png in Resources */ = {isa = PBXBuildFile; fileRef = 8DA08C9619A9B59D00F13CE4 /* grain 50x50.png */; };
		8DA08C9D19AA5BC000F13CE4 /* FRSStorageSettingsViewController.m in Sources */ = {isa = PBXBuildFile; fileRef = 8DA08C9C19AA5BC000F13CE4 /* FRSStorageSettingsViewController.m */; };
		8DA08CA019AA98FC00F13CE4 /* UIFont+FreshlyAdditions.m in Sources */ = {isa = PBXBuildFile; fileRef = 8DA08C9F19AA98FC00F13CE4 /* UIFont+FreshlyAdditions.m */; };
		8DA66B75199D5F2E00A129A3 /* FreshlyItemViewController+NewItem.m in Sources */ = {isa = PBXBuildFile; fileRef = 8DA66B74199D5F2E00A129A3 /* FreshlyItemViewController+NewItem.m */; };
		8DA66B78199EE2A200A129A3 /* FRSShoppingListTableViewCell.m in Sources */ = {isa = PBXBuildFile; fileRef = 8DA66B77199EE2A200A129A3 /* FRSShoppingListTableViewCell.m */; };
		8DC373EF19821DC000DC9731 /* Foundation.framework in Frameworks */ = {isa = PBXBuildFile; fileRef = 8DC373EE19821DC000DC9731 /* Foundation.framework */; };
		8DC373F119821DC000DC9731 /* CoreGraphics.framework in Frameworks */ = {isa = PBXBuildFile; fileRef = 8DC373F019821DC000DC9731 /* CoreGraphics.framework */; };
		8DC373F319821DC000DC9731 /* UIKit.framework in Frameworks */ = {isa = PBXBuildFile; fileRef = 8DC373F219821DC000DC9731 /* UIKit.framework */; };
		8DC373F519821DC000DC9731 /* CoreData.framework in Frameworks */ = {isa = PBXBuildFile; fileRef = 8DC373F419821DC000DC9731 /* CoreData.framework */; };
		8DC373FB19821DC000DC9731 /* InfoPlist.strings in Resources */ = {isa = PBXBuildFile; fileRef = 8DC373F919821DC000DC9731 /* InfoPlist.strings */; };
		8DC373FD19821DC000DC9731 /* main.m in Sources */ = {isa = PBXBuildFile; fileRef = 8DC373FC19821DC000DC9731 /* main.m */; };
		8DC3740119821DC000DC9731 /* FRSAppDelegate.m in Sources */ = {isa = PBXBuildFile; fileRef = 8DC3740019821DC000DC9731 /* FRSAppDelegate.m */; };
		8DC3740619821DC000DC9731 /* Images.xcassets in Resources */ = {isa = PBXBuildFile; fileRef = 8DC3740519821DC000DC9731 /* Images.xcassets */; };
		8DC3740D19821DC000DC9731 /* XCTest.framework in Frameworks */ = {isa = PBXBuildFile; fileRef = 8DC3740C19821DC000DC9731 /* XCTest.framework */; };
		8DC3740E19821DC000DC9731 /* Foundation.framework in Frameworks */ = {isa = PBXBuildFile; fileRef = 8DC373EE19821DC000DC9731 /* Foundation.framework */; };
		8DC3740F19821DC000DC9731 /* UIKit.framework in Frameworks */ = {isa = PBXBuildFile; fileRef = 8DC373F219821DC000DC9731 /* UIKit.framework */; };
		8DC3741019821DC000DC9731 /* CoreData.framework in Frameworks */ = {isa = PBXBuildFile; fileRef = 8DC373F419821DC000DC9731 /* CoreData.framework */; };
		8DC3741819821DC000DC9731 /* InfoPlist.strings in Resources */ = {isa = PBXBuildFile; fileRef = 8DC3741619821DC000DC9731 /* InfoPlist.strings */; };
		8DC3741A19821DC000DC9731 /* FreshlyTests.m in Sources */ = {isa = PBXBuildFile; fileRef = 8DC3741919821DC000DC9731 /* FreshlyTests.m */; };
		8DC3744119822E3F00DC9731 /* FRSFoodItemService.m in Sources */ = {isa = PBXBuildFile; fileRef = 8DC3744019822E3F00DC9731 /* FRSFoodItemService.m */; };
		8DC3744619823C0C00DC9731 /* FRSFoodItem.m in Sources */ = {isa = PBXBuildFile; fileRef = 8DC3744519823C0C00DC9731 /* FRSFoodItem.m */; };
		8DD091371EB9A6E5004EC297 /* UIColor+FreshlyAdditions.m in Sources */ = {isa = PBXBuildFile; fileRef = 8DD091361EB9A6E5004EC297 /* UIColor+FreshlyAdditions.m */; };
		8DD0913A1EB9AB4F004EC297 /* FRSTabBarController.m in Sources */ = {isa = PBXBuildFile; fileRef = 8DD091391EB9AB4F004EC297 /* FRSTabBarController.m */; };
		8DD0913D1EB9AB9F004EC297 /* FRSNavigationController.m in Sources */ = {isa = PBXBuildFile; fileRef = 8DD0913C1EB9AB9F004EC297 /* FRSNavigationController.m */; };
		8DD7EFBD1996F3CA00FC0A10 /* FRSItemViewController.m in Sources */ = {isa = PBXBuildFile; fileRef = 8DD7EFBC1996F3CA00FC0A10 /* FRSItemViewController.m */; };
		8DD7EFC01996F62A00FC0A10 /* UIImage+FreshlyAdditions.m in Sources */ = {isa = PBXBuildFile; fileRef = 8DD7EFBF1996F62A00FC0A10 /* UIImage+FreshlyAdditions.m */; };
		8DD7EFCD1996F77B00FC0A10 /* dairy 100x100.png in Resources */ = {isa = PBXBuildFile; fileRef = 8DD7EFC31996F77B00FC0A10 /* dairy 100x100.png */; };
		8DD7EFCE1996F77B00FC0A10 /* drink 100x100.png in Resources */ = {isa = PBXBuildFile; fileRef = 8DD7EFC41996F77B00FC0A10 /* drink 100x100.png */; };
		8DD7EFCF1996F77B00FC0A10 /* seafood 100x100.png in Resources */ = {isa = PBXBuildFile; fileRef = 8DD7EFC51996F77B00FC0A10 /* seafood 100x100.png */; };
		8DD7EFD01996F77B00FC0A10 /* fruit 100x100.png in Resources */ = {isa = PBXBuildFile; fileRef = 8DD7EFC61996F77B00FC0A10 /* fruit 100x100.png */; };
		8DD7EFD11996F77B00FC0A10 /* protein 100x100.png in Resources */ = {isa = PBXBuildFile; fileRef = 8DD7EFC71996F77B00FC0A10 /* protein 100x100.png */; };
		8DD7EFD31996F77B00FC0A10 /* misc 100x100.png in Resources */ = {isa = PBXBuildFile; fileRef = 8DD7EFC91996F77B00FC0A10 /* misc 100x100.png */; };
		8DD7EFD61996F77B00FC0A10 /* vegetable 100x100.png in Resources */ = {isa = PBXBuildFile; fileRef = 8DD7EFCC1996F77B00FC0A10 /* vegetable 100x100.png */; };
		8DEB2AAB1988BF3300043285 /* FRSStorageViewController.m in Sources */ = {isa = PBXBuildFile; fileRef = 8DEB2AAA1988BF3300043285 /* FRSStorageViewController.m */; };
		8DEB2AAE1988BF4A00043285 /* FRSShoppingListViewController.m in Sources */ = {isa = PBXBuildFile; fileRef = 8DEB2AAD1988BF4A00043285 /* FRSShoppingListViewController.m */; };
		8DEB2AB11988C3A000043285 /* FRSStorageTableViewCell.m in Sources */ = {isa = PBXBuildFile; fileRef = 8DEB2AB01988C3A000043285 /* FRSStorageTableViewCell.m */; };
		8DEB2ABF1988CBA800043285 /* dairy 50x50.png in Resources */ = {isa = PBXBuildFile; fileRef = 8DEB2AB51988CBA800043285 /* dairy 50x50.png */; };
		8DEB2AC01988CBA800043285 /* drink 50x50.png in Resources */ = {isa = PBXBuildFile; fileRef = 8DEB2AB61988CBA800043285 /* drink 50x50.png */; };
		8DEB2AC11988CBA800043285 /* seafood 50x50.png in Resources */ = {isa = PBXBuildFile; fileRef = 8DEB2AB71988CBA800043285 /* seafood 50x50.png */; };
		8DEB2AC21988CBA800043285 /* fruit 50x50.png in Resources */ = {isa = PBXBuildFile; fileRef = 8DEB2AB81988CBA800043285 /* fruit 50x50.png */; };
		8DEB2AC31988CBA800043285 /* protein 50x50.png in Resources */ = {isa = PBXBuildFile; fileRef = 8DEB2AB91988CBA800043285 /* protein 50x50.png */; };
		8DEB2AC51988CBA800043285 /* misc 50x50.png in Resources */ = {isa = PBXBuildFile; fileRef = 8DEB2ABB1988CBA800043285 /* misc 50x50.png */; };
		8DEB2AC81988CBA800043285 /* vegetable 50x50.png in Resources */ = {isa = PBXBuildFile; fileRef = 8DEB2ABE1988CBA800043285 /* vegetable 50x50.png */; };
		8DFA6C3B19D338BE004B28DB /* UINavigationController+FreshlyAdditions.m in Sources */ = {isa = PBXBuildFile; fileRef = 8DFA6C3A19D338BE004B28DB /* UINavigationController+FreshlyAdditions.m */; };
		A8800F09C5FA91935C172524 /* Pods_Freshly.framework in Frameworks */ = {isa = PBXBuildFile; fileRef = EEE0F8AA430487FE42BB86FB /* Pods_Freshly.framework */; };
/* End PBXBuildFile section */

/* Begin PBXContainerItemProxy section */
		8DC3741119821DC000DC9731 /* PBXContainerItemProxy */ = {
			isa = PBXContainerItemProxy;
			containerPortal = 8DC373E319821DC000DC9731 /* Project object */;
			proxyType = 1;
			remoteGlobalIDString = 8DC373EA19821DC000DC9731;
			remoteInfo = Freshly;
		};
/* End PBXContainerItemProxy section */

/* Begin PBXFileReference section */
		2F90A0E4B88B9DDE42DCBE52 /* Pods-Freshly.debug.xcconfig */ = {isa = PBXFileReference; includeInIndex = 1; lastKnownFileType = text.xcconfig; name = "Pods-Freshly.debug.xcconfig"; path = "Pods/Target Support Files/Pods-Freshly/Pods-Freshly.debug.xcconfig"; sourceTree = "<group>"; };
		5D3F229201345985DD68D584 /* Pods-Freshly.release.xcconfig */ = {isa = PBXFileReference; includeInIndex = 1; lastKnownFileType = text.xcconfig; name = "Pods-Freshly.release.xcconfig"; path = "Pods/Target Support Files/Pods-Freshly/Pods-Freshly.release.xcconfig"; sourceTree = "<group>"; };
		63EC4EE61989463A00060C4F /* NSDate+FreshlyAdditions.h */ = {isa = PBXFileReference; fileEncoding = 4; lastKnownFileType = sourcecode.c.h; path = "NSDate+FreshlyAdditions.h"; sourceTree = "<group>"; };
		63EC4EE71989463A00060C4F /* NSDate+FreshlyAdditions.m */ = {isa = PBXFileReference; fileEncoding = 4; lastKnownFileType = sourcecode.c.objc; path = "NSDate+FreshlyAdditions.m"; sourceTree = "<group>"; };
		8D0A474E19D7C58D006D7CB7 /* iconStorage.png */ = {isa = PBXFileReference; lastKnownFileType = image.png; path = iconStorage.png; sourceTree = "<group>"; };
		8D0A475019D7C5EE006D7CB7 /* iconShoppingList.png */ = {isa = PBXFileReference; lastKnownFileType = image.png; path = iconShoppingList.png; sourceTree = "<group>"; };
		8D1B6AB5199F280F00B6D69C /* Freshly.xcdatamodel */ = {isa = PBXFileReference; lastKnownFileType = wrapper.xcdatamodel; path = Freshly.xcdatamodel; sourceTree = "<group>"; };
		8D2199021A16AF7B00F01096 /* Launch Screen.xib */ = {isa = PBXFileReference; fileEncoding = 4; lastKnownFileType = file.xib; path = "Launch Screen.xib"; sourceTree = "<group>"; };
		8D2199041A16BDEF00F01096 /* FRSAboutViewController.h */ = {isa = PBXFileReference; fileEncoding = 4; lastKnownFileType = sourcecode.c.h; path = FRSAboutViewController.h; sourceTree = "<group>"; };
		8D2199051A16BDEF00F01096 /* FRSAboutViewController.m */ = {isa = PBXFileReference; fileEncoding = 4; lastKnownFileType = sourcecode.c.objc; path = FRSAboutViewController.m; sourceTree = "<group>"; };
		8D5C23F51999C2AA007B314B /* FRSItemDateViewController.h */ = {isa = PBXFileReference; fileEncoding = 4; lastKnownFileType = sourcecode.c.h; path = FRSItemDateViewController.h; sourceTree = "<group>"; };
		8D5C23F61999C2AA007B314B /* FRSItemDateViewController.m */ = {isa = PBXFileReference; fileEncoding = 4; lastKnownFileType = sourcecode.c.objc; path = FRSItemDateViewController.m; sourceTree = "<group>"; };
		8D785CC21A36897F00AF7153 /* Crashlytics.framework */ = {isa = PBXFileReference; lastKnownFileType = wrapper.framework; path = Crashlytics.framework; sourceTree = "<group>"; };
		8D785CC31A36897F00AF7153 /* Fabric.framework */ = {isa = PBXFileReference; lastKnownFileType = wrapper.framework; path = Fabric.framework; sourceTree = "<group>"; };
		8D78A2871A144DD30016A770 /* FreshlyAppIcon.png */ = {isa = PBXFileReference; lastKnownFileType = image.png; path = FreshlyAppIcon.png; sourceTree = "<group>"; };
		8D8333341EBE4B4100DFDECC /* Assets.xcassets */ = {isa = PBXFileReference; lastKnownFileType = folder.assetcatalog; path = Assets.xcassets; sourceTree = "<group>"; };
		8D83333B1EBEB17600DFDECC /* FRSFoodItemViewModel.h */ = {isa = PBXFileReference; fileEncoding = 4; lastKnownFileType = sourcecode.c.h; path = FRSFoodItemViewModel.h; sourceTree = "<group>"; };
		8D83333C1EBEB17600DFDECC /* FRSFoodItemViewModel.m */ = {isa = PBXFileReference; fileEncoding = 4; lastKnownFileType = sourcecode.c.objc; path = FRSFoodItemViewModel.m; sourceTree = "<group>"; };
		8D83333E1EBEB46800DFDECC /* FRSViewModelProtocol.h */ = {isa = PBXFileReference; fileEncoding = 4; lastKnownFileType = sourcecode.c.h; path = FRSViewModelProtocol.h; sourceTree = "<group>"; };
		8D8333401EBEB5F600DFDECC /* FRSFoodItemDataSource.h */ = {isa = PBXFileReference; fileEncoding = 4; lastKnownFileType = sourcecode.c.h; path = FRSFoodItemDataSource.h; sourceTree = "<group>"; };
		8D8333411EBEB5F600DFDECC /* FRSFoodItemDataSource.m */ = {isa = PBXFileReference; fileEncoding = 4; lastKnownFileType = sourcecode.c.objc; path = FRSFoodItemDataSource.m; sourceTree = "<group>"; };
		8D8333431EBEB6DC00DFDECC /* FRSTableViewCell.h */ = {isa = PBXFileReference; fileEncoding = 4; lastKnownFileType = sourcecode.c.h; path = FRSTableViewCell.h; sourceTree = "<group>"; };
		8D8333441EBEB6DC00DFDECC /* FRSTableViewCell.m */ = {isa = PBXFileReference; fileEncoding = 4; lastKnownFileType = sourcecode.c.objc; path = FRSTableViewCell.m; sourceTree = "<group>"; };
		8D916B46199FDCF2003CEF8D /* FRSFoodAutoCompletionService.h */ = {isa = PBXFileReference; fileEncoding = 4; lastKnownFileType = sourcecode.c.h; path = FRSFoodAutoCompletionService.h; sourceTree = "<group>"; };
		8D916B47199FDCF2003CEF8D /* FRSFoodAutoCompletionService.m */ = {isa = PBXFileReference; fileEncoding = 4; lastKnownFileType = sourcecode.c.objc; path = FRSFoodAutoCompletionService.m; sourceTree = "<group>"; };
		8D916B5119A0070C003CEF8D /* minFoodSource.json */ = {isa = PBXFileReference; fileEncoding = 4; lastKnownFileType = text.json; path = minFoodSource.json; sourceTree = "<group>"; };
		8D916B5319A0117E003CEF8D /* FRSFoodAutoCompletionViewController.h */ = {isa = PBXFileReference; fileEncoding = 4; lastKnownFileType = sourcecode.c.h; path = FRSFoodAutoCompletionViewController.h; sourceTree = "<group>"; };
		8D916B5419A0117E003CEF8D /* FRSFoodAutoCompletionViewController.m */ = {isa = PBXFileReference; fileEncoding = 4; lastKnownFileType = sourcecode.c.objc; path = FRSFoodAutoCompletionViewController.m; sourceTree = "<group>"; };
		8D916B5619A02226003CEF8D /* FRSAutoCompletionTableViewCell.h */ = {isa = PBXFileReference; fileEncoding = 4; lastKnownFileType = sourcecode.c.h; path = FRSAutoCompletionTableViewCell.h; sourceTree = "<group>"; };
		8D916B5719A02226003CEF8D /* FRSAutoCompletionTableViewCell.m */ = {isa = PBXFileReference; fileEncoding = 4; lastKnownFileType = sourcecode.c.objc; path = FRSAutoCompletionTableViewCell.m; sourceTree = "<group>"; };
		8D916B5B19A08EB7003CEF8D /* checkbox_empty.png */ = {isa = PBXFileReference; lastKnownFileType = image.png; path = checkbox_empty.png; sourceTree = "<group>"; };
		8D916B5D19A0915B003CEF8D /* checkbox_checked.png */ = {isa = PBXFileReference; lastKnownFileType = image.png; path = checkbox_checked.png; sourceTree = "<group>"; };
		8D97EF2B19DC998000F0C7C3 /* UITabBarController+FreshlyAdditions.h */ = {isa = PBXFileReference; fileEncoding = 4; lastKnownFileType = sourcecode.c.h; path = "UITabBarController+FreshlyAdditions.h"; sourceTree = "<group>"; };
		8D97EF2C19DC998000F0C7C3 /* UITabBarController+FreshlyAdditions.m */ = {isa = PBXFileReference; fileEncoding = 4; lastKnownFileType = sourcecode.c.objc; path = "UITabBarController+FreshlyAdditions.m"; sourceTree = "<group>"; };
		8DA08C9119A99E0C00F13CE4 /* FRSSettingsService.h */ = {isa = PBXFileReference; fileEncoding = 4; lastKnownFileType = sourcecode.c.h; path = FRSSettingsService.h; sourceTree = "<group>"; };
		8DA08C9219A99E0C00F13CE4 /* FRSSettingsService.m */ = {isa = PBXFileReference; fileEncoding = 4; lastKnownFileType = sourcecode.c.objc; path = FRSSettingsService.m; sourceTree = "<group>"; };
		8DA08C9419A9B56100F13CE4 /* grain 100x100.png */ = {isa = PBXFileReference; lastKnownFileType = image.png; path = "grain 100x100.png"; sourceTree = "<group>"; };
		8DA08C9619A9B59D00F13CE4 /* grain 50x50.png */ = {isa = PBXFileReference; lastKnownFileType = image.png; path = "grain 50x50.png"; sourceTree = "<group>"; };
		8DA08C9B19AA5BC000F13CE4 /* FRSStorageSettingsViewController.h */ = {isa = PBXFileReference; fileEncoding = 4; lastKnownFileType = sourcecode.c.h; path = FRSStorageSettingsViewController.h; sourceTree = "<group>"; };
		8DA08C9C19AA5BC000F13CE4 /* FRSStorageSettingsViewController.m */ = {isa = PBXFileReference; fileEncoding = 4; lastKnownFileType = sourcecode.c.objc; path = FRSStorageSettingsViewController.m; sourceTree = "<group>"; };
		8DA08C9E19AA98FC00F13CE4 /* UIFont+FreshlyAdditions.h */ = {isa = PBXFileReference; fileEncoding = 4; lastKnownFileType = sourcecode.c.h; path = "UIFont+FreshlyAdditions.h"; sourceTree = "<group>"; };
		8DA08C9F19AA98FC00F13CE4 /* UIFont+FreshlyAdditions.m */ = {isa = PBXFileReference; fileEncoding = 4; lastKnownFileType = sourcecode.c.objc; path = "UIFont+FreshlyAdditions.m"; sourceTree = "<group>"; };
		8DA66B73199D5F2E00A129A3 /* FreshlyItemViewController+NewItem.h */ = {isa = PBXFileReference; fileEncoding = 4; lastKnownFileType = sourcecode.c.h; path = "FreshlyItemViewController+NewItem.h"; sourceTree = "<group>"; };
		8DA66B74199D5F2E00A129A3 /* FreshlyItemViewController+NewItem.m */ = {isa = PBXFileReference; fileEncoding = 4; lastKnownFileType = sourcecode.c.objc; path = "FreshlyItemViewController+NewItem.m"; sourceTree = "<group>"; };
		8DA66B76199EE2A200A129A3 /* FRSShoppingListTableViewCell.h */ = {isa = PBXFileReference; fileEncoding = 4; lastKnownFileType = sourcecode.c.h; path = FRSShoppingListTableViewCell.h; sourceTree = "<group>"; };
		8DA66B77199EE2A200A129A3 /* FRSShoppingListTableViewCell.m */ = {isa = PBXFileReference; fileEncoding = 4; lastKnownFileType = sourcecode.c.objc; path = FRSShoppingListTableViewCell.m; sourceTree = "<group>"; };
		8DC373EB19821DC000DC9731 /* Freshly.app */ = {isa = PBXFileReference; explicitFileType = wrapper.application; includeInIndex = 0; path = Freshly.app; sourceTree = BUILT_PRODUCTS_DIR; };
		8DC373EE19821DC000DC9731 /* Foundation.framework */ = {isa = PBXFileReference; lastKnownFileType = wrapper.framework; name = Foundation.framework; path = System/Library/Frameworks/Foundation.framework; sourceTree = SDKROOT; };
		8DC373F019821DC000DC9731 /* CoreGraphics.framework */ = {isa = PBXFileReference; lastKnownFileType = wrapper.framework; name = CoreGraphics.framework; path = System/Library/Frameworks/CoreGraphics.framework; sourceTree = SDKROOT; };
		8DC373F219821DC000DC9731 /* UIKit.framework */ = {isa = PBXFileReference; lastKnownFileType = wrapper.framework; name = UIKit.framework; path = System/Library/Frameworks/UIKit.framework; sourceTree = SDKROOT; };
		8DC373F419821DC000DC9731 /* CoreData.framework */ = {isa = PBXFileReference; lastKnownFileType = wrapper.framework; name = CoreData.framework; path = System/Library/Frameworks/CoreData.framework; sourceTree = SDKROOT; };
		8DC373F819821DC000DC9731 /* Freshly-Info.plist */ = {isa = PBXFileReference; lastKnownFileType = text.plist.xml; path = "Freshly-Info.plist"; sourceTree = "<group>"; };
		8DC373FA19821DC000DC9731 /* en */ = {isa = PBXFileReference; lastKnownFileType = text.plist.strings; name = en; path = en.lproj/InfoPlist.strings; sourceTree = "<group>"; };
		8DC373FC19821DC000DC9731 /* main.m */ = {isa = PBXFileReference; lastKnownFileType = sourcecode.c.objc; path = main.m; sourceTree = "<group>"; };
		8DC373FE19821DC000DC9731 /* Freshly-Prefix.pch */ = {isa = PBXFileReference; lastKnownFileType = sourcecode.c.h; path = "Freshly-Prefix.pch"; sourceTree = "<group>"; };
		8DC373FF19821DC000DC9731 /* FRSAppDelegate.h */ = {isa = PBXFileReference; lastKnownFileType = sourcecode.c.h; path = FRSAppDelegate.h; sourceTree = "<group>"; };
		8DC3740019821DC000DC9731 /* FRSAppDelegate.m */ = {isa = PBXFileReference; lastKnownFileType = sourcecode.c.objc; path = FRSAppDelegate.m; sourceTree = "<group>"; };
		8DC3740519821DC000DC9731 /* Images.xcassets */ = {isa = PBXFileReference; lastKnownFileType = folder.assetcatalog; path = Images.xcassets; sourceTree = "<group>"; };
		8DC3740B19821DC000DC9731 /* FreshlyTests.xctest */ = {isa = PBXFileReference; explicitFileType = wrapper.cfbundle; includeInIndex = 0; path = FreshlyTests.xctest; sourceTree = BUILT_PRODUCTS_DIR; };
		8DC3740C19821DC000DC9731 /* XCTest.framework */ = {isa = PBXFileReference; lastKnownFileType = wrapper.framework; name = XCTest.framework; path = Library/Frameworks/XCTest.framework; sourceTree = DEVELOPER_DIR; };
		8DC3741519821DC000DC9731 /* FreshlyTests-Info.plist */ = {isa = PBXFileReference; lastKnownFileType = text.plist.xml; path = "FreshlyTests-Info.plist"; sourceTree = "<group>"; };
		8DC3741719821DC000DC9731 /* en */ = {isa = PBXFileReference; lastKnownFileType = text.plist.strings; name = en; path = en.lproj/InfoPlist.strings; sourceTree = "<group>"; };
		8DC3741919821DC000DC9731 /* FreshlyTests.m */ = {isa = PBXFileReference; lastKnownFileType = sourcecode.c.objc; path = FreshlyTests.m; sourceTree = "<group>"; };
		8DC3743F19822E3F00DC9731 /* FRSFoodItemService.h */ = {isa = PBXFileReference; fileEncoding = 4; lastKnownFileType = sourcecode.c.h; path = FRSFoodItemService.h; sourceTree = "<group>"; };
		8DC3744019822E3F00DC9731 /* FRSFoodItemService.m */ = {isa = PBXFileReference; fileEncoding = 4; lastKnownFileType = sourcecode.c.objc; path = FRSFoodItemService.m; sourceTree = "<group>"; };
		8DC374431982333300DC9731 /* FreshlyConstants.h */ = {isa = PBXFileReference; lastKnownFileType = sourcecode.c.h; path = FreshlyConstants.h; sourceTree = "<group>"; };
		8DC3744419823C0C00DC9731 /* FRSFoodItem.h */ = {isa = PBXFileReference; fileEncoding = 4; lastKnownFileType = sourcecode.c.h; path = FRSFoodItem.h; sourceTree = "<group>"; };
		8DC3744519823C0C00DC9731 /* FRSFoodItem.m */ = {isa = PBXFileReference; fileEncoding = 4; lastKnownFileType = sourcecode.c.objc; path = FRSFoodItem.m; sourceTree = "<group>"; };
		8DD091351EB9A6E5004EC297 /* UIColor+FreshlyAdditions.h */ = {isa = PBXFileReference; fileEncoding = 4; lastKnownFileType = sourcecode.c.h; path = "UIColor+FreshlyAdditions.h"; sourceTree = "<group>"; };
		8DD091361EB9A6E5004EC297 /* UIColor+FreshlyAdditions.m */ = {isa = PBXFileReference; fileEncoding = 4; lastKnownFileType = sourcecode.c.objc; path = "UIColor+FreshlyAdditions.m"; sourceTree = "<group>"; };
		8DD091381EB9AB4F004EC297 /* FRSTabBarController.h */ = {isa = PBXFileReference; fileEncoding = 4; lastKnownFileType = sourcecode.c.h; path = FRSTabBarController.h; sourceTree = "<group>"; };
		8DD091391EB9AB4F004EC297 /* FRSTabBarController.m */ = {isa = PBXFileReference; fileEncoding = 4; lastKnownFileType = sourcecode.c.objc; path = FRSTabBarController.m; sourceTree = "<group>"; };
		8DD0913B1EB9AB9F004EC297 /* FRSNavigationController.h */ = {isa = PBXFileReference; fileEncoding = 4; lastKnownFileType = sourcecode.c.h; path = FRSNavigationController.h; sourceTree = "<group>"; };
		8DD0913C1EB9AB9F004EC297 /* FRSNavigationController.m */ = {isa = PBXFileReference; fileEncoding = 4; lastKnownFileType = sourcecode.c.objc; path = FRSNavigationController.m; sourceTree = "<group>"; };
		8DD7EFBB1996F3CA00FC0A10 /* FRSItemViewController.h */ = {isa = PBXFileReference; fileEncoding = 4; lastKnownFileType = sourcecode.c.h; path = FRSItemViewController.h; sourceTree = "<group>"; };
		8DD7EFBC1996F3CA00FC0A10 /* FRSItemViewController.m */ = {isa = PBXFileReference; fileEncoding = 4; lastKnownFileType = sourcecode.c.objc; path = FRSItemViewController.m; sourceTree = "<group>"; };
		8DD7EFBE1996F62A00FC0A10 /* UIImage+FreshlyAdditions.h */ = {isa = PBXFileReference; fileEncoding = 4; lastKnownFileType = sourcecode.c.h; path = "UIImage+FreshlyAdditions.h"; sourceTree = "<group>"; };
		8DD7EFBF1996F62A00FC0A10 /* UIImage+FreshlyAdditions.m */ = {isa = PBXFileReference; fileEncoding = 4; lastKnownFileType = sourcecode.c.objc; path = "UIImage+FreshlyAdditions.m"; sourceTree = "<group>"; };
		8DD7EFC31996F77B00FC0A10 /* dairy 100x100.png */ = {isa = PBXFileReference; lastKnownFileType = image.png; path = "dairy 100x100.png"; sourceTree = "<group>"; };
		8DD7EFC41996F77B00FC0A10 /* drink 100x100.png */ = {isa = PBXFileReference; lastKnownFileType = image.png; path = "drink 100x100.png"; sourceTree = "<group>"; };
		8DD7EFC51996F77B00FC0A10 /* seafood 100x100.png */ = {isa = PBXFileReference; lastKnownFileType = image.png; path = "seafood 100x100.png"; sourceTree = "<group>"; };
		8DD7EFC61996F77B00FC0A10 /* fruit 100x100.png */ = {isa = PBXFileReference; lastKnownFileType = image.png; path = "fruit 100x100.png"; sourceTree = "<group>"; };
		8DD7EFC71996F77B00FC0A10 /* protein 100x100.png */ = {isa = PBXFileReference; lastKnownFileType = image.png; path = "protein 100x100.png"; sourceTree = "<group>"; };
		8DD7EFC91996F77B00FC0A10 /* misc 100x100.png */ = {isa = PBXFileReference; lastKnownFileType = image.png; path = "misc 100x100.png"; sourceTree = "<group>"; };
		8DD7EFCC1996F77B00FC0A10 /* vegetable 100x100.png */ = {isa = PBXFileReference; lastKnownFileType = image.png; path = "vegetable 100x100.png"; sourceTree = "<group>"; };
		8DEB2AA91988BF3300043285 /* FRSStorageViewController.h */ = {isa = PBXFileReference; fileEncoding = 4; lastKnownFileType = sourcecode.c.h; path = FRSStorageViewController.h; sourceTree = "<group>"; };
		8DEB2AAA1988BF3300043285 /* FRSStorageViewController.m */ = {isa = PBXFileReference; fileEncoding = 4; lastKnownFileType = sourcecode.c.objc; path = FRSStorageViewController.m; sourceTree = "<group>"; };
		8DEB2AAC1988BF4A00043285 /* FRSShoppingListViewController.h */ = {isa = PBXFileReference; fileEncoding = 4; lastKnownFileType = sourcecode.c.h; path = FRSShoppingListViewController.h; sourceTree = "<group>"; };
		8DEB2AAD1988BF4A00043285 /* FRSShoppingListViewController.m */ = {isa = PBXFileReference; fileEncoding = 4; lastKnownFileType = sourcecode.c.objc; path = FRSShoppingListViewController.m; sourceTree = "<group>"; };
		8DEB2AAF1988C3A000043285 /* FRSStorageTableViewCell.h */ = {isa = PBXFileReference; fileEncoding = 4; lastKnownFileType = sourcecode.c.h; path = FRSStorageTableViewCell.h; sourceTree = "<group>"; };
		8DEB2AB01988C3A000043285 /* FRSStorageTableViewCell.m */ = {isa = PBXFileReference; fileEncoding = 4; lastKnownFileType = sourcecode.c.objc; path = FRSStorageTableViewCell.m; sourceTree = "<group>"; };
		8DEB2AB51988CBA800043285 /* dairy 50x50.png */ = {isa = PBXFileReference; lastKnownFileType = image.png; path = "dairy 50x50.png"; sourceTree = "<group>"; };
		8DEB2AB61988CBA800043285 /* drink 50x50.png */ = {isa = PBXFileReference; lastKnownFileType = image.png; path = "drink 50x50.png"; sourceTree = "<group>"; };
		8DEB2AB71988CBA800043285 /* seafood 50x50.png */ = {isa = PBXFileReference; lastKnownFileType = image.png; path = "seafood 50x50.png"; sourceTree = "<group>"; };
		8DEB2AB81988CBA800043285 /* fruit 50x50.png */ = {isa = PBXFileReference; lastKnownFileType = image.png; path = "fruit 50x50.png"; sourceTree = "<group>"; };
		8DEB2AB91988CBA800043285 /* protein 50x50.png */ = {isa = PBXFileReference; lastKnownFileType = image.png; path = "protein 50x50.png"; sourceTree = "<group>"; };
		8DEB2ABB1988CBA800043285 /* misc 50x50.png */ = {isa = PBXFileReference; lastKnownFileType = image.png; path = "misc 50x50.png"; sourceTree = "<group>"; };
		8DEB2ABE1988CBA800043285 /* vegetable 50x50.png */ = {isa = PBXFileReference; lastKnownFileType = image.png; path = "vegetable 50x50.png"; sourceTree = "<group>"; };
		8DFA6C3919D338BE004B28DB /* UINavigationController+FreshlyAdditions.h */ = {isa = PBXFileReference; fileEncoding = 4; lastKnownFileType = sourcecode.c.h; path = "UINavigationController+FreshlyAdditions.h"; sourceTree = "<group>"; };
		8DFA6C3A19D338BE004B28DB /* UINavigationController+FreshlyAdditions.m */ = {isa = PBXFileReference; fileEncoding = 4; lastKnownFileType = sourcecode.c.objc; path = "UINavigationController+FreshlyAdditions.m"; sourceTree = "<group>"; };
		EEE0F8AA430487FE42BB86FB /* Pods_Freshly.framework */ = {isa = PBXFileReference; explicitFileType = wrapper.framework; includeInIndex = 0; path = Pods_Freshly.framework; sourceTree = BUILT_PRODUCTS_DIR; };
/* End PBXFileReference section */

/* Begin PBXFrameworksBuildPhase section */
		8DC373E819821DC000DC9731 /* Frameworks */ = {
			isa = PBXFrameworksBuildPhase;
			buildActionMask = 2147483647;
			files = (
				8DC373F119821DC000DC9731 /* CoreGraphics.framework in Frameworks */,
				8D785CC41A36897F00AF7153 /* Crashlytics.framework in Frameworks */,
				8DC373F519821DC000DC9731 /* CoreData.framework in Frameworks */,
				8DC373F319821DC000DC9731 /* UIKit.framework in Frameworks */,
				8DC373EF19821DC000DC9731 /* Foundation.framework in Frameworks */,
				8D785CC51A36897F00AF7153 /* Fabric.framework in Frameworks */,
				A8800F09C5FA91935C172524 /* Pods_Freshly.framework in Frameworks */,
			);
			runOnlyForDeploymentPostprocessing = 0;
		};
		8DC3740819821DC000DC9731 /* Frameworks */ = {
			isa = PBXFrameworksBuildPhase;
			buildActionMask = 2147483647;
			files = (
				8DC3740D19821DC000DC9731 /* XCTest.framework in Frameworks */,
				8DC3741019821DC000DC9731 /* CoreData.framework in Frameworks */,
				8DC3740F19821DC000DC9731 /* UIKit.framework in Frameworks */,
				8DC3740E19821DC000DC9731 /* Foundation.framework in Frameworks */,
			);
			runOnlyForDeploymentPostprocessing = 0;
		};
/* End PBXFrameworksBuildPhase section */

/* Begin PBXGroup section */
		63EC4EE51989461F00060C4F /* Categories */ = {
			isa = PBXGroup;
			children = (
				8D97EF2B19DC998000F0C7C3 /* UITabBarController+FreshlyAdditions.h */,
				8D97EF2C19DC998000F0C7C3 /* UITabBarController+FreshlyAdditions.m */,
				8DA08C9E19AA98FC00F13CE4 /* UIFont+FreshlyAdditions.h */,
				8DA08C9F19AA98FC00F13CE4 /* UIFont+FreshlyAdditions.m */,
				8DA66B73199D5F2E00A129A3 /* FreshlyItemViewController+NewItem.h */,
				8DA66B74199D5F2E00A129A3 /* FreshlyItemViewController+NewItem.m */,
				8DD7EFBE1996F62A00FC0A10 /* UIImage+FreshlyAdditions.h */,
				8DD7EFBF1996F62A00FC0A10 /* UIImage+FreshlyAdditions.m */,
				63EC4EE61989463A00060C4F /* NSDate+FreshlyAdditions.h */,
				63EC4EE71989463A00060C4F /* NSDate+FreshlyAdditions.m */,
				8DFA6C3919D338BE004B28DB /* UINavigationController+FreshlyAdditions.h */,
				8DFA6C3A19D338BE004B28DB /* UINavigationController+FreshlyAdditions.m */,
				8DD091351EB9A6E5004EC297 /* UIColor+FreshlyAdditions.h */,
				8DD091361EB9A6E5004EC297 /* UIColor+FreshlyAdditions.m */,
			);
			path = Categories;
			sourceTree = "<group>";
		};
		89FBB393DE362542869C14D9 /* Pods */ = {
			isa = PBXGroup;
			children = (
				2F90A0E4B88B9DDE42DCBE52 /* Pods-Freshly.debug.xcconfig */,
				5D3F229201345985DD68D584 /* Pods-Freshly.release.xcconfig */,
			);
			name = Pods;
			sourceTree = "<group>";
		};
		8D0A474B19D7C33F006D7CB7 /* Icons */ = {
			isa = PBXGroup;
			children = (
				8D0A474E19D7C58D006D7CB7 /* iconStorage.png */,
				8D0A475019D7C5EE006D7CB7 /* iconShoppingList.png */,
			);
			name = Icons;
			sourceTree = "<group>";
		};
		8D83333A1EBEB0F800DFDECC /* View Models */ = {
			isa = PBXGroup;
			children = (
				8D83333B1EBEB17600DFDECC /* FRSFoodItemViewModel.h */,
				8D83333C1EBEB17600DFDECC /* FRSFoodItemViewModel.m */,
				8D83333E1EBEB46800DFDECC /* FRSViewModelProtocol.h */,
			);
			path = "View Models";
			sourceTree = "<group>";
		};
		8D83333F1EBEB5C500DFDECC /* DataSources */ = {
			isa = PBXGroup;
			children = (
				8D8333401EBEB5F600DFDECC /* FRSFoodItemDataSource.h */,
				8D8333411EBEB5F600DFDECC /* FRSFoodItemDataSource.m */,
			);
			path = DataSources;
			sourceTree = "<group>";
		};
		8D916B5019A006E0003CEF8D /* Data */ = {
			isa = PBXGroup;
			children = (
				8D916B5119A0070C003CEF8D /* minFoodSource.json */,
			);
			path = Data;
			sourceTree = "<group>";
		};
		8D916B5919A08E8D003CEF8D /* Utilities */ = {
			isa = PBXGroup;
			children = (
				8D916B5A19A08E95003CEF8D /* Checkbox */,
			);
			path = Utilities;
			sourceTree = "<group>";
		};
		8D916B5A19A08E95003CEF8D /* Checkbox */ = {
			isa = PBXGroup;
			children = (
				8D916B5D19A0915B003CEF8D /* checkbox_checked.png */,
				8D916B5B19A08EB7003CEF8D /* checkbox_empty.png */,
			);
			path = Checkbox;
			sourceTree = "<group>";
		};
		8DC373E219821DC000DC9731 = {
			isa = PBXGroup;
			children = (
				8DC373F619821DC000DC9731 /* Freshly */,
				8DC3741319821DC000DC9731 /* FreshlyTests */,
				8DC373ED19821DC000DC9731 /* Frameworks */,
				8DC373EC19821DC000DC9731 /* Products */,
				89FBB393DE362542869C14D9 /* Pods */,
			);
			sourceTree = "<group>";
		};
		8DC373EC19821DC000DC9731 /* Products */ = {
			isa = PBXGroup;
			children = (
				8DC373EB19821DC000DC9731 /* Freshly.app */,
				8DC3740B19821DC000DC9731 /* FreshlyTests.xctest */,
			);
			name = Products;
			sourceTree = "<group>";
		};
		8DC373ED19821DC000DC9731 /* Frameworks */ = {
			isa = PBXGroup;
			children = (
				8D785CC21A36897F00AF7153 /* Crashlytics.framework */,
				8D785CC31A36897F00AF7153 /* Fabric.framework */,
				8DC373EE19821DC000DC9731 /* Foundation.framework */,
				8DC373F019821DC000DC9731 /* CoreGraphics.framework */,
				8DC373F219821DC000DC9731 /* UIKit.framework */,
				8DC373F419821DC000DC9731 /* CoreData.framework */,
				8DC3740C19821DC000DC9731 /* XCTest.framework */,
				EEE0F8AA430487FE42BB86FB /* Pods_Freshly.framework */,
			);
			name = Frameworks;
			sourceTree = "<group>";
		};
		8DC373F619821DC000DC9731 /* Freshly */ = {
			isa = PBXGroup;
			children = (
				63EC4EE51989461F00060C4F /* Categories */,
				8D83333F1EBEB5C500DFDECC /* DataSources */,
				8DEB2AB21988CB5300043285 /* Resources */,
				8DC3744A198241B500DC9731 /* Views */,
				8DC3744219822E5000DC9731 /* Services */,
				8DC373FF19821DC000DC9731 /* FRSAppDelegate.h */,
				8DC3740019821DC000DC9731 /* FRSAppDelegate.m */,
				8DC3742619821F6700DC9731 /* Controllers */,
				8DC3740519821DC000DC9731 /* Images.xcassets */,
				8D1B6AB4199F280F00B6D69C /* Freshly.xcdatamodeld */,
				8D83333A1EBEB0F800DFDECC /* View Models */,
				8DC3743B19822DA300DC9731 /* Models */,
				8DC373F719821DC000DC9731 /* Supporting Files */,
			);
			name = Freshly;
			path = Freshly/Freshly;
			sourceTree = "<group>";
		};
		8DC373F719821DC000DC9731 /* Supporting Files */ = {
			isa = PBXGroup;
			children = (
				8DC374431982333300DC9731 /* FreshlyConstants.h */,
				8DC373F819821DC000DC9731 /* Freshly-Info.plist */,
				8DC373F919821DC000DC9731 /* InfoPlist.strings */,
				8DC373FC19821DC000DC9731 /* main.m */,
				8DC373FE19821DC000DC9731 /* Freshly-Prefix.pch */,
				8D8333341EBE4B4100DFDECC /* Assets.xcassets */,
			);
			name = "Supporting Files";
			path = ..;
			sourceTree = "<group>";
		};
		8DC3741319821DC000DC9731 /* FreshlyTests */ = {
			isa = PBXGroup;
			children = (
				8DC3741919821DC000DC9731 /* FreshlyTests.m */,
				8DC3741419821DC000DC9731 /* Supporting Files */,
			);
			path = FreshlyTests;
			sourceTree = "<group>";
		};
		8DC3741419821DC000DC9731 /* Supporting Files */ = {
			isa = PBXGroup;
			children = (
				8DC3741519821DC000DC9731 /* FreshlyTests-Info.plist */,
				8DC3741619821DC000DC9731 /* InfoPlist.strings */,
			);
			name = "Supporting Files";
			sourceTree = "<group>";
		};
		8DC3742619821F6700DC9731 /* Controllers */ = {
			isa = PBXGroup;
			children = (
				8DC374311982220700DC9731 /* View */,
				8DD0913B1EB9AB9F004EC297 /* FRSNavigationController.h */,
				8DD0913C1EB9AB9F004EC297 /* FRSNavigationController.m */,
				8DD091381EB9AB4F004EC297 /* FRSTabBarController.h */,
				8DD091391EB9AB4F004EC297 /* FRSTabBarController.m */,
			);
			path = Controllers;
			sourceTree = "<group>";
		};
		8DC374311982220700DC9731 /* View */ = {
			isa = PBXGroup;
			children = (
				8D2199041A16BDEF00F01096 /* FRSAboutViewController.h */,
				8D2199051A16BDEF00F01096 /* FRSAboutViewController.m */,
				8DA08C9B19AA5BC000F13CE4 /* FRSStorageSettingsViewController.h */,
				8DA08C9C19AA5BC000F13CE4 /* FRSStorageSettingsViewController.m */,
				8D916B5319A0117E003CEF8D /* FRSFoodAutoCompletionViewController.h */,
				8D916B5419A0117E003CEF8D /* FRSFoodAutoCompletionViewController.m */,
				8D5C23F51999C2AA007B314B /* FRSItemDateViewController.h */,
				8D5C23F61999C2AA007B314B /* FRSItemDateViewController.m */,
				8DD7EFBB1996F3CA00FC0A10 /* FRSItemViewController.h */,
				8DD7EFBC1996F3CA00FC0A10 /* FRSItemViewController.m */,
				8DEB2AAC1988BF4A00043285 /* FRSShoppingListViewController.h */,
				8DEB2AAD1988BF4A00043285 /* FRSShoppingListViewController.m */,
				8DEB2AA91988BF3300043285 /* FRSStorageViewController.h */,
				8DEB2AAA1988BF3300043285 /* FRSStorageViewController.m */,
			);
			path = View;
			sourceTree = "<group>";
		};
		8DC3743B19822DA300DC9731 /* Models */ = {
			isa = PBXGroup;
			children = (
				8DC3744419823C0C00DC9731 /* FRSFoodItem.h */,
				8DC3744519823C0C00DC9731 /* FRSFoodItem.m */,
			);
			path = Models;
			sourceTree = "<group>";
		};
		8DC3744219822E5000DC9731 /* Services */ = {
			isa = PBXGroup;
			children = (
				8DA08C9119A99E0C00F13CE4 /* FRSSettingsService.h */,
				8DA08C9219A99E0C00F13CE4 /* FRSSettingsService.m */,
				8D916B46199FDCF2003CEF8D /* FRSFoodAutoCompletionService.h */,
				8D916B47199FDCF2003CEF8D /* FRSFoodAutoCompletionService.m */,
				8DC3743F19822E3F00DC9731 /* FRSFoodItemService.h */,
				8DC3744019822E3F00DC9731 /* FRSFoodItemService.m */,
			);
			path = Services;
			sourceTree = "<group>";
		};
		8DC3744A198241B500DC9731 /* Views */ = {
			isa = PBXGroup;
			children = (
				8D2199021A16AF7B00F01096 /* Launch Screen.xib */,
				8DC3744B198241C300DC9731 /* Cells */,
			);
			path = Views;
			sourceTree = "<group>";
		};
		8DC3744B198241C300DC9731 /* Cells */ = {
			isa = PBXGroup;
			children = (
				8D916B5619A02226003CEF8D /* FRSAutoCompletionTableViewCell.h */,
				8D916B5719A02226003CEF8D /* FRSAutoCompletionTableViewCell.m */,
				8DA66B76199EE2A200A129A3 /* FRSShoppingListTableViewCell.h */,
				8DA66B77199EE2A200A129A3 /* FRSShoppingListTableViewCell.m */,
				8DEB2AAF1988C3A000043285 /* FRSStorageTableViewCell.h */,
				8DEB2AB01988C3A000043285 /* FRSStorageTableViewCell.m */,
				8D8333431EBEB6DC00DFDECC /* FRSTableViewCell.h */,
				8D8333441EBEB6DC00DFDECC /* FRSTableViewCell.m */,
			);
			path = Cells;
			sourceTree = "<group>";
		};
		8DD7EFC21996F74C00FC0A10 /* 50px */ = {
			isa = PBXGroup;
			children = (
				8DEB2AB51988CBA800043285 /* dairy 50x50.png */,
				8DEB2AB61988CBA800043285 /* drink 50x50.png */,
				8DEB2AB71988CBA800043285 /* seafood 50x50.png */,
				8DEB2AB81988CBA800043285 /* fruit 50x50.png */,
				8DA08C9619A9B59D00F13CE4 /* grain 50x50.png */,
				8DEB2AB91988CBA800043285 /* protein 50x50.png */,
				8DEB2ABB1988CBA800043285 /* misc 50x50.png */,
				8DEB2ABE1988CBA800043285 /* vegetable 50x50.png */,
			);
			path = 50px;
			sourceTree = "<group>";
		};
		8DD7EFD71996F78000FC0A10 /* 100px */ = {
			isa = PBXGroup;
			children = (
				8DD7EFC31996F77B00FC0A10 /* dairy 100x100.png */,
				8DD7EFC41996F77B00FC0A10 /* drink 100x100.png */,
				8DD7EFC51996F77B00FC0A10 /* seafood 100x100.png */,
				8DD7EFC61996F77B00FC0A10 /* fruit 100x100.png */,
				8DA08C9419A9B56100F13CE4 /* grain 100x100.png */,
				8DD7EFC71996F77B00FC0A10 /* protein 100x100.png */,
				8DD7EFC91996F77B00FC0A10 /* misc 100x100.png */,
				8DD7EFCC1996F77B00FC0A10 /* vegetable 100x100.png */,
			);
			path = 100px;
			sourceTree = "<group>";
		};
		8DEB2AB21988CB5300043285 /* Resources */ = {
			isa = PBXGroup;
			children = (
				8D916B5019A006E0003CEF8D /* Data */,
				8DEB2AB31988CB6000043285 /* Images */,
			);
			path = Resources;
			sourceTree = "<group>";
		};
		8DEB2AB31988CB6000043285 /* Images */ = {
			isa = PBXGroup;
			children = (
				8D78A2871A144DD30016A770 /* FreshlyAppIcon.png */,
				8D0A474B19D7C33F006D7CB7 /* Icons */,
				8D916B5919A08E8D003CEF8D /* Utilities */,
				8DEB2AB41988CB6700043285 /* Food Categories */,
			);
			path = Images;
			sourceTree = "<group>";
		};
		8DEB2AB41988CB6700043285 /* Food Categories */ = {
			isa = PBXGroup;
			children = (
				8DD7EFD71996F78000FC0A10 /* 100px */,
				8DD7EFC21996F74C00FC0A10 /* 50px */,
			);
			path = "Food Categories";
			sourceTree = "<group>";
		};
/* End PBXGroup section */

/* Begin PBXNativeTarget section */
		8DC373EA19821DC000DC9731 /* Freshly */ = {
			isa = PBXNativeTarget;
			buildConfigurationList = 8DC3741D19821DC000DC9731 /* Build configuration list for PBXNativeTarget "Freshly" */;
			buildPhases = (
				EE9ED2AD31B99F87ACCA2823 /* [CP] Check Pods Manifest.lock */,
				8DC373E719821DC000DC9731 /* Sources */,
				8DC373E819821DC000DC9731 /* Frameworks */,
				8DC373E919821DC000DC9731 /* Resources */,
				8D785CC11A36893D00AF7153 /* ShellScript */,
				53A5A3BBEA429D025B04AA7F /* [CP] Embed Pods Frameworks */,
				D5EE8470BDB41F90348D8569 /* [CP] Copy Pods Resources */,
			);
			buildRules = (
			);
			dependencies = (
			);
			name = Freshly;
			productName = Freshly;
			productReference = 8DC373EB19821DC000DC9731 /* Freshly.app */;
			productType = "com.apple.product-type.application";
		};
		8DC3740A19821DC000DC9731 /* FreshlyTests */ = {
			isa = PBXNativeTarget;
			buildConfigurationList = 8DC3742019821DC000DC9731 /* Build configuration list for PBXNativeTarget "FreshlyTests" */;
			buildPhases = (
				8DC3740719821DC000DC9731 /* Sources */,
				8DC3740819821DC000DC9731 /* Frameworks */,
				8DC3740919821DC000DC9731 /* Resources */,
			);
			buildRules = (
			);
			dependencies = (
				8DC3741219821DC000DC9731 /* PBXTargetDependency */,
			);
			name = FreshlyTests;
			productName = FreshlyTests;
			productReference = 8DC3740B19821DC000DC9731 /* FreshlyTests.xctest */;
			productType = "com.apple.product-type.bundle.unit-test";
		};
/* End PBXNativeTarget section */

/* Begin PBXProject section */
		8DC373E319821DC000DC9731 /* Project object */ = {
			isa = PBXProject;
			attributes = {
				CLASSPREFIX = Freshly;
				LastUpgradeCheck = 0600;
				ORGANIZATIONNAME = "Andrew Dempsey";
				TargetAttributes = {
					8DC3740A19821DC000DC9731 = {
						TestTargetID = 8DC373EA19821DC000DC9731;
					};
				};
			};
			buildConfigurationList = 8DC373E619821DC000DC9731 /* Build configuration list for PBXProject "Freshly" */;
			compatibilityVersion = "Xcode 3.2";
			developmentRegion = English;
			hasScannedForEncodings = 0;
			knownRegions = (
				en,
			);
			mainGroup = 8DC373E219821DC000DC9731;
			productRefGroup = 8DC373EC19821DC000DC9731 /* Products */;
			projectDirPath = "";
			projectRoot = "";
			targets = (
				8DC373EA19821DC000DC9731 /* Freshly */,
				8DC3740A19821DC000DC9731 /* FreshlyTests */,
			);
		};
/* End PBXProject section */

/* Begin PBXResourcesBuildPhase section */
		8DC373E919821DC000DC9731 /* Resources */ = {
			isa = PBXResourcesBuildPhase;
			buildActionMask = 2147483647;
			files = (
				8DD7EFCD1996F77B00FC0A10 /* dairy 100x100.png in Resources */,
				8D916B5219A0070C003CEF8D /* minFoodSource.json in Resources */,
				8DEB2ABF1988CBA800043285 /* dairy 50x50.png in Resources */,
				8D0A474F19D7C58D006D7CB7 /* iconStorage.png in Resources */,
				8DD7EFD31996F77B00FC0A10 /* misc 100x100.png in Resources */,
				8DEB2AC51988CBA800043285 /* misc 50x50.png in Resources */,
				8D8333351EBE4B4100DFDECC /* Assets.xcassets in Resources */,
				8DD7EFCE1996F77B00FC0A10 /* drink 100x100.png in Resources */,
				8DEB2AC01988CBA800043285 /* drink 50x50.png in Resources */,
				8DC373FB19821DC000DC9731 /* InfoPlist.strings in Resources */,
				8DC3740619821DC000DC9731 /* Images.xcassets in Resources */,
				8DD7EFD01996F77B00FC0A10 /* fruit 100x100.png in Resources */,
				8D0A475119D7C5EE006D7CB7 /* iconShoppingList.png in Resources */,
				8D78A2881A144DD30016A770 /* FreshlyAppIcon.png in Resources */,
				8DEB2AC21988CBA800043285 /* fruit 50x50.png in Resources */,
				8D2199031A16AF7B00F01096 /* Launch Screen.xib in Resources */,
				8DD7EFD11996F77B00FC0A10 /* protein 100x100.png in Resources */,
				8DEB2AC31988CBA800043285 /* protein 50x50.png in Resources */,
				8DD7EFCF1996F77B00FC0A10 /* seafood 100x100.png in Resources */,
				8D916B5C19A08EB7003CEF8D /* checkbox_empty.png in Resources */,
				8DA08C9719A9B59D00F13CE4 /* grain 50x50.png in Resources */,
				8D916B5E19A0915B003CEF8D /* checkbox_checked.png in Resources */,
				8DEB2AC11988CBA800043285 /* seafood 50x50.png in Resources */,
				8DD7EFD61996F77B00FC0A10 /* vegetable 100x100.png in Resources */,
				8DEB2AC81988CBA800043285 /* vegetable 50x50.png in Resources */,
				8DA08C9519A9B56100F13CE4 /* grain 100x100.png in Resources */,
			);
			runOnlyForDeploymentPostprocessing = 0;
		};
		8DC3740919821DC000DC9731 /* Resources */ = {
			isa = PBXResourcesBuildPhase;
			buildActionMask = 2147483647;
			files = (
				8DC3741819821DC000DC9731 /* InfoPlist.strings in Resources */,
			);
			runOnlyForDeploymentPostprocessing = 0;
		};
/* End PBXResourcesBuildPhase section */

/* Begin PBXShellScriptBuildPhase section */
		53A5A3BBEA429D025B04AA7F /* [CP] Embed Pods Frameworks */ = {
			isa = PBXShellScriptBuildPhase;
			buildActionMask = 2147483647;
			files = (
			);
			inputPaths = (
			);
			name = "[CP] Embed Pods Frameworks";
			outputPaths = (
			);
			runOnlyForDeploymentPostprocessing = 0;
			shellPath = /bin/sh;
			shellScript = "\"${SRCROOT}/Pods/Target Support Files/Pods-Freshly/Pods-Freshly-frameworks.sh\"\n";
			showEnvVarsInLog = 0;
		};
		8D785CC11A36893D00AF7153 /* ShellScript */ = {
			isa = PBXShellScriptBuildPhase;
			buildActionMask = 2147483647;
			files = (
			);
			inputPaths = (
			);
			outputPaths = (
			);
			runOnlyForDeploymentPostprocessing = 0;
			shellPath = /bin/sh;
			shellScript = "./Fabric.framework/run d30c22026c802c81271986fec1942bda82623f85 9f467a0932e39ec6389aab1ea38905a439a05932fbeb266286f61bb84a139596";
		};
		D5EE8470BDB41F90348D8569 /* [CP] Copy Pods Resources */ = {
			isa = PBXShellScriptBuildPhase;
			buildActionMask = 2147483647;
			files = (
			);
			inputPaths = (
			);
			name = "[CP] Copy Pods Resources";
			outputPaths = (
			);
			runOnlyForDeploymentPostprocessing = 0;
			shellPath = /bin/sh;
			shellScript = "\"${SRCROOT}/Pods/Target Support Files/Pods-Freshly/Pods-Freshly-resources.sh\"\n";
			showEnvVarsInLog = 0;
		};
		EE9ED2AD31B99F87ACCA2823 /* [CP] Check Pods Manifest.lock */ = {
			isa = PBXShellScriptBuildPhase;
			buildActionMask = 2147483647;
			files = (
			);
			inputPaths = (
			);
			name = "[CP] Check Pods Manifest.lock";
			outputPaths = (
			);
			runOnlyForDeploymentPostprocessing = 0;
			shellPath = /bin/sh;
			shellScript = "diff \"${PODS_PODFILE_DIR_PATH}/Podfile.lock\" \"${PODS_ROOT}/Manifest.lock\" > /dev/null\nif [ $? != 0 ] ; then\n    # print error to STDERR\n    echo \"error: The sandbox is not in sync with the Podfile.lock. Run 'pod install' or update your CocoaPods installation.\" >&2\n    exit 1\nfi\n";
			showEnvVarsInLog = 0;
		};
/* End PBXShellScriptBuildPhase section */

/* Begin PBXSourcesBuildPhase section */
		8DC373E719821DC000DC9731 /* Sources */ = {
			isa = PBXSourcesBuildPhase;
			buildActionMask = 2147483647;
			files = (
				8DA08C9319A99E0C00F13CE4 /* FRSSettingsService.m in Sources */,
				8DEB2AAE1988BF4A00043285 /* FRSShoppingListViewController.m in Sources */,
				8DEB2AB11988C3A000043285 /* FRSStorageTableViewCell.m in Sources */,
				8DA66B75199D5F2E00A129A3 /* FreshlyItemViewController+NewItem.m in Sources */,
				8D5C23F71999C2AA007B314B /* FRSItemDateViewController.m in Sources */,
				8DD0913D1EB9AB9F004EC297 /* FRSNavigationController.m in Sources */,
				8DA66B78199EE2A200A129A3 /* FRSShoppingListTableViewCell.m in Sources */,
				8D8333421EBEB5F600DFDECC /* FRSFoodItemDataSource.m in Sources */,
				8D2199061A16BDEF00F01096 /* FRSAboutViewController.m in Sources */,
				8D1B6AB6199F280F00B6D69C /* Freshly.xcdatamodeld in Sources */,
				8DD0913A1EB9AB4F004EC297 /* FRSTabBarController.m in Sources */,
				8D916B5819A02226003CEF8D /* FRSAutoCompletionTableViewCell.m in Sources */,
				8DD091371EB9A6E5004EC297 /* UIColor+FreshlyAdditions.m in Sources */,
				8DC3740119821DC000DC9731 /* FRSAppDelegate.m in Sources */,
				8DA08C9D19AA5BC000F13CE4 /* FRSStorageSettingsViewController.m in Sources */,
				8DEB2AAB1988BF3300043285 /* FRSStorageViewController.m in Sources */,
				8DD7EFBD1996F3CA00FC0A10 /* FRSItemViewController.m in Sources */,
				63EC4EE81989463A00060C4F /* NSDate+FreshlyAdditions.m in Sources */,
				8DD7EFC01996F62A00FC0A10 /* UIImage+FreshlyAdditions.m in Sources */,
				8D916B5519A0117E003CEF8D /* FRSFoodAutoCompletionViewController.m in Sources */,
				8DC3744619823C0C00DC9731 /* FRSFoodItem.m in Sources */,
				8DFA6C3B19D338BE004B28DB /* UINavigationController+FreshlyAdditions.m in Sources */,
				8DA08CA019AA98FC00F13CE4 /* UIFont+FreshlyAdditions.m in Sources */,
				8D916B48199FDCF2003CEF8D /* FRSFoodAutoCompletionService.m in Sources */,
				8D8333451EBEB6DC00DFDECC /* FRSTableViewCell.m in Sources */,
				8D97EF2D19DC998000F0C7C3 /* UITabBarController+FreshlyAdditions.m in Sources */,
				8DC373FD19821DC000DC9731 /* main.m in Sources */,
				8D83333D1EBEB17600DFDECC /* FRSFoodItemViewModel.m in Sources */,
				8DC3744119822E3F00DC9731 /* FRSFoodItemService.m in Sources */,
			);
			runOnlyForDeploymentPostprocessing = 0;
		};
		8DC3740719821DC000DC9731 /* Sources */ = {
			isa = PBXSourcesBuildPhase;
			buildActionMask = 2147483647;
			files = (
				8DC3741A19821DC000DC9731 /* FreshlyTests.m in Sources */,
			);
			runOnlyForDeploymentPostprocessing = 0;
		};
/* End PBXSourcesBuildPhase section */

/* Begin PBXTargetDependency section */
		8DC3741219821DC000DC9731 /* PBXTargetDependency */ = {
			isa = PBXTargetDependency;
			target = 8DC373EA19821DC000DC9731 /* Freshly */;
			targetProxy = 8DC3741119821DC000DC9731 /* PBXContainerItemProxy */;
		};
/* End PBXTargetDependency section */

/* Begin PBXVariantGroup section */
		8DC373F919821DC000DC9731 /* InfoPlist.strings */ = {
			isa = PBXVariantGroup;
			children = (
				8DC373FA19821DC000DC9731 /* en */,
			);
			name = InfoPlist.strings;
			sourceTree = "<group>";
		};
		8DC3741619821DC000DC9731 /* InfoPlist.strings */ = {
			isa = PBXVariantGroup;
			children = (
				8DC3741719821DC000DC9731 /* en */,
			);
			name = InfoPlist.strings;
			sourceTree = "<group>";
		};
/* End PBXVariantGroup section */

/* Begin XCBuildConfiguration section */
		8DC3741B19821DC000DC9731 /* Debug */ = {
			isa = XCBuildConfiguration;
			buildSettings = {
				ALWAYS_SEARCH_USER_PATHS = NO;
				CLANG_CXX_LANGUAGE_STANDARD = "gnu++0x";
				CLANG_CXX_LIBRARY = "libc++";
				CLANG_ENABLE_MODULES = YES;
				CLANG_ENABLE_OBJC_ARC = YES;
				CLANG_WARN_BOOL_CONVERSION = YES;
				CLANG_WARN_CONSTANT_CONVERSION = YES;
				CLANG_WARN_DIRECT_OBJC_ISA_USAGE = YES_ERROR;
				CLANG_WARN_EMPTY_BODY = YES;
				CLANG_WARN_ENUM_CONVERSION = YES;
				CLANG_WARN_INT_CONVERSION = YES;
				CLANG_WARN_OBJC_ROOT_CLASS = YES_ERROR;
				CLANG_WARN__DUPLICATE_METHOD_MATCH = YES;
				"CODE_SIGN_IDENTITY[sdk=iphoneos*]" = "iPhone Developer";
				COPY_PHASE_STRIP = NO;
				GCC_C_LANGUAGE_STANDARD = gnu99;
				GCC_DYNAMIC_NO_PIC = NO;
				GCC_OPTIMIZATION_LEVEL = 0;
				GCC_PREPROCESSOR_DEFINITIONS = (
					"DEBUG=1",
					"$(inherited)",
				);
				GCC_SYMBOLS_PRIVATE_EXTERN = NO;
				GCC_WARN_64_TO_32_BIT_CONVERSION = YES;
				GCC_WARN_ABOUT_RETURN_TYPE = YES_ERROR;
				GCC_WARN_UNDECLARED_SELECTOR = YES;
				GCC_WARN_UNINITIALIZED_AUTOS = YES;
				GCC_WARN_UNUSED_FUNCTION = YES;
				GCC_WARN_UNUSED_VARIABLE = YES;
				IPHONEOS_DEPLOYMENT_TARGET = 7.0;
				ONLY_ACTIVE_ARCH = YES;
				SDKROOT = iphoneos;
				TARGETED_DEVICE_FAMILY = "1,2";
			};
			name = Debug;
		};
		8DC3741C19821DC000DC9731 /* Release */ = {
			isa = XCBuildConfiguration;
			buildSettings = {
				ALWAYS_SEARCH_USER_PATHS = NO;
				CLANG_CXX_LANGUAGE_STANDARD = "gnu++0x";
				CLANG_CXX_LIBRARY = "libc++";
				CLANG_ENABLE_MODULES = YES;
				CLANG_ENABLE_OBJC_ARC = YES;
				CLANG_WARN_BOOL_CONVERSION = YES;
				CLANG_WARN_CONSTANT_CONVERSION = YES;
				CLANG_WARN_DIRECT_OBJC_ISA_USAGE = YES_ERROR;
				CLANG_WARN_EMPTY_BODY = YES;
				CLANG_WARN_ENUM_CONVERSION = YES;
				CLANG_WARN_INT_CONVERSION = YES;
				CLANG_WARN_OBJC_ROOT_CLASS = YES_ERROR;
				CLANG_WARN__DUPLICATE_METHOD_MATCH = YES;
				"CODE_SIGN_IDENTITY[sdk=iphoneos*]" = "iPhone Developer";
				COPY_PHASE_STRIP = YES;
				ENABLE_NS_ASSERTIONS = NO;
				GCC_C_LANGUAGE_STANDARD = gnu99;
				GCC_WARN_64_TO_32_BIT_CONVERSION = YES;
				GCC_WARN_ABOUT_RETURN_TYPE = YES_ERROR;
				GCC_WARN_UNDECLARED_SELECTOR = YES;
				GCC_WARN_UNINITIALIZED_AUTOS = YES;
				GCC_WARN_UNUSED_FUNCTION = YES;
				GCC_WARN_UNUSED_VARIABLE = YES;
				IPHONEOS_DEPLOYMENT_TARGET = 7.0;
				SDKROOT = iphoneos;
				TARGETED_DEVICE_FAMILY = "1,2";
				VALIDATE_PRODUCT = YES;
			};
			name = Release;
		};
		8DC3741E19821DC000DC9731 /* Debug */ = {
			isa = XCBuildConfiguration;
			baseConfigurationReference = 2F90A0E4B88B9DDE42DCBE52 /* Pods-Freshly.debug.xcconfig */;
			buildSettings = {
				ASSETCATALOG_COMPILER_APPICON_NAME = AppIcon;
				ASSETCATALOG_COMPILER_LAUNCHIMAGE_NAME = LaunchImage;
				FRAMEWORK_SEARCH_PATHS = (
					"$(inherited)",
					"$(PROJECT_DIR)",
				);
				GCC_PRECOMPILE_PREFIX_HEADER = YES;
				GCC_PREFIX_HEADER = "Freshly/Freshly-Prefix.pch";
				INFOPLIST_FILE = "Freshly/Freshly-Info.plist";
				IPHONEOS_DEPLOYMENT_TARGET = 10.0;
				PRODUCT_NAME = "$(TARGET_NAME)";
				WRAPPER_EXTENSION = app;
			};
			name = Debug;
		};
		8DC3741F19821DC000DC9731 /* Release */ = {
			isa = XCBuildConfiguration;
			baseConfigurationReference = 5D3F229201345985DD68D584 /* Pods-Freshly.release.xcconfig */;
			buildSettings = {
				ASSETCATALOG_COMPILER_APPICON_NAME = AppIcon;
				ASSETCATALOG_COMPILER_LAUNCHIMAGE_NAME = LaunchImage;
				FRAMEWORK_SEARCH_PATHS = (
					"$(inherited)",
					"$(PROJECT_DIR)",
				);
				GCC_PRECOMPILE_PREFIX_HEADER = YES;
				GCC_PREFIX_HEADER = "Freshly/Freshly-Prefix.pch";
				INFOPLIST_FILE = "Freshly/Freshly-Info.plist";
				IPHONEOS_DEPLOYMENT_TARGET = 10.0;
				PRODUCT_NAME = "$(TARGET_NAME)";
				WRAPPER_EXTENSION = app;
			};
			name = Release;
		};
		8DC3742119821DC000DC9731 /* Debug */ = {
			isa = XCBuildConfiguration;
			buildSettings = {
				BUNDLE_LOADER = "$(BUILT_PRODUCTS_DIR)/Freshly.app/Freshly";
				FRAMEWORK_SEARCH_PATHS = (
					"$(SDKROOT)/Developer/Library/Frameworks",
					"$(inherited)",
					"$(DEVELOPER_FRAMEWORKS_DIR)",
				);
				GCC_PRECOMPILE_PREFIX_HEADER = YES;
				GCC_PREFIX_HEADER = "Freshly/Freshly-Prefix.pch";
				GCC_PREPROCESSOR_DEFINITIONS = (
					"DEBUG=1",
					"$(inherited)",
				);
				INFOPLIST_FILE = "FreshlyTests/FreshlyTests-Info.plist";
				PRODUCT_NAME = "$(TARGET_NAME)";
				TEST_HOST = "$(BUNDLE_LOADER)";
				WRAPPER_EXTENSION = xctest;
			};
			name = Debug;
		};
		8DC3742219821DC000DC9731 /* Release */ = {
			isa = XCBuildConfiguration;
			buildSettings = {
				BUNDLE_LOADER = "$(BUILT_PRODUCTS_DIR)/Freshly.app/Freshly";
				FRAMEWORK_SEARCH_PATHS = (
					"$(SDKROOT)/Developer/Library/Frameworks",
					"$(inherited)",
					"$(DEVELOPER_FRAMEWORKS_DIR)",
				);
				GCC_PRECOMPILE_PREFIX_HEADER = YES;
				GCC_PREFIX_HEADER = "Freshly/Freshly-Prefix.pch";
				INFOPLIST_FILE = "FreshlyTests/FreshlyTests-Info.plist";
				PRODUCT_NAME = "$(TARGET_NAME)";
				TEST_HOST = "$(BUNDLE_LOADER)";
				WRAPPER_EXTENSION = xctest;
			};
			name = Release;
		};
/* End XCBuildConfiguration section */

/* Begin XCConfigurationList section */
		8DC373E619821DC000DC9731 /* Build configuration list for PBXProject "Freshly" */ = {
			isa = XCConfigurationList;
			buildConfigurations = (
				8DC3741B19821DC000DC9731 /* Debug */,
				8DC3741C19821DC000DC9731 /* Release */,
			);
			defaultConfigurationIsVisible = 0;
			defaultConfigurationName = Release;
		};
		8DC3741D19821DC000DC9731 /* Build configuration list for PBXNativeTarget "Freshly" */ = {
			isa = XCConfigurationList;
			buildConfigurations = (
				8DC3741E19821DC000DC9731 /* Debug */,
				8DC3741F19821DC000DC9731 /* Release */,
			);
			defaultConfigurationIsVisible = 0;
			defaultConfigurationName = Release;
		};
		8DC3742019821DC000DC9731 /* Build configuration list for PBXNativeTarget "FreshlyTests" */ = {
			isa = XCConfigurationList;
			buildConfigurations = (
				8DC3742119821DC000DC9731 /* Debug */,
				8DC3742219821DC000DC9731 /* Release */,
			);
			defaultConfigurationIsVisible = 0;
			defaultConfigurationName = Release;
		};
/* End XCConfigurationList section */

/* Begin XCVersionGroup section */
		8D1B6AB4199F280F00B6D69C /* Freshly.xcdatamodeld */ = {
			isa = XCVersionGroup;
			children = (
				8D1B6AB5199F280F00B6D69C /* Freshly.xcdatamodel */,
			);
			currentVersion = 8D1B6AB5199F280F00B6D69C /* Freshly.xcdatamodel */;
			path = Freshly.xcdatamodeld;
			sourceTree = "<group>";
			versionGroupType = wrapper.xcdatamodel;
		};
/* End XCVersionGroup section */
	};
	rootObject = 8DC373E319821DC000DC9731 /* Project object */;
}
